PODS:
  - AFDownloadRequestOperation (2.0.1):
    - AFNetworking (~> 2.0)
  - AFNetworking (2.7.0):
    - AFNetworking/NSURLConnection (= 2.7.0)
    - AFNetworking/NSURLSession (= 2.7.0)
    - AFNetworking/Reachability (= 2.7.0)
    - AFNetworking/Security (= 2.7.0)
    - AFNetworking/Serialization (= 2.7.0)
    - AFNetworking/UIKit (= 2.7.0)
  - AFNetworking/NSURLConnection (2.7.0):
    - AFNetworking/Reachability
    - AFNetworking/Security
    - AFNetworking/Serialization
  - AFNetworking/NSURLSession (2.7.0):
    - AFNetworking/Reachability
    - AFNetworking/Security
    - AFNetworking/Serialization
  - AFNetworking/Reachability (2.7.0)
  - AFNetworking/Security (2.7.0)
  - AFNetworking/Serialization (2.7.0)
  - AFNetworking/UIKit (2.7.0):
    - AFNetworking/NSURLConnection
    - AFNetworking/NSURLSession
  - ASIHTTPRequest (1.8.2):
    - ASIHTTPRequest/ASIWebPageRequest (= 1.8.2)
    - ASIHTTPRequest/CloudFiles (= 1.8.2)
    - ASIHTTPRequest/Core (= 1.8.2)
    - ASIHTTPRequest/S3 (= 1.8.2)
  - ASIHTTPRequest/ASIWebPageRequest (1.8.2):
    - ASIHTTPRequest/Core
  - ASIHTTPRequest/CloudFiles (1.8.2):
    - ASIHTTPRequest/Core
  - ASIHTTPRequest/Core (1.8.2):
    - Reachability
  - ASIHTTPRequest/S3 (1.8.2):
    - ASIHTTPRequest/Core
  - Aspects (1.4.1)
  - libextobjc (0.4.1):
    - libextobjc/EXTADT (= 0.4.1)
    - libextobjc/EXTConcreteProtocol (= 0.4.1)
    - libextobjc/EXTKeyPathCoding (= 0.4.1)
    - libextobjc/EXTNil (= 0.4.1)
    - libextobjc/EXTSafeCategory (= 0.4.1)
    - libextobjc/EXTScope (= 0.4.1)
    - libextobjc/EXTSelectorChecking (= 0.4.1)
    - libextobjc/EXTSynthesize (= 0.4.1)
    - "libextobjc/NSInvocation+EXT (= 0.4.1)"
    - "libextobjc/NSMethodSignature+EXT (= 0.4.1)"
    - libextobjc/RuntimeExtensions (= 0.4.1)
    - libextobjc/UmbrellaHeader (= 0.4.1)
  - libextobjc/EXTADT (0.4.1):
    - libextobjc/RuntimeExtensions
  - libextobjc/EXTConcreteProtocol (0.4.1):
    - libextobjc/RuntimeExtensions
  - libextobjc/EXTKeyPathCoding (0.4.1):
    - libextobjc/RuntimeExtensions
  - libextobjc/EXTNil (0.4.1):
    - libextobjc/RuntimeExtensions
  - libextobjc/EXTSafeCategory (0.4.1):
    - libextobjc/RuntimeExtensions
  - libextobjc/EXTScope (0.4.1):
    - libextobjc/RuntimeExtensions
  - libextobjc/EXTSelectorChecking (0.4.1):
    - libextobjc/RuntimeExtensions
  - libextobjc/EXTSynthesize (0.4.1):
    - libextobjc/RuntimeExtensions
  - "libextobjc/NSInvocation+EXT (0.4.1)":
    - libextobjc/RuntimeExtensions
  - "libextobjc/NSMethodSignature+EXT (0.4.1)":
    - libextobjc/RuntimeExtensions
  - libextobjc/RuntimeExtensions (0.4.1)
  - libextobjc/UmbrellaHeader (0.4.1)
  - Masonry (1.0.2)
  - NSDate-Extensions (0.0.1)
  - Reachability (3.2)
  - RXPromise (1.0.5)
  - SDWebImage (5.0.6):
    - SDWebImage/Core (= 5.0.6)
  - SDWebImage/Core (5.0.6)
  - TPCircularBuffer (1.6.1)
  - YYKit (1.0.9):
    - YYKit/no-arc (= 1.0.9)
  - YYKit/no-arc (1.0.9)

DEPENDENCIES:
  - AFDownloadRequestOperation (~> 2.0.1)
  - AFNetworking (~> 2.0)
  - ASIHTTPRequest (~> 1.8.2)
  - Aspects (~> 1.4.1)
  - libextobjc (~> 0.4.1)
  - Masonry (~> 1.0.1)
  - NSDate-Extensions (~> 0.0.1)
  - RXPromise (~> 1.0.5)
  - SDWebImage (~> 5.0.0)
  - TPCircularBuffer (~> 1.4)
  - YYKit (~> 1.0.7)

SPEC REPOS:
  https://github.com/cocoapods/specs.git:
    - AFDownloadRequestOperation
    - AFNetworking
    - ASIHTTPRequest
    - Aspects
    - libextobjc
    - Masonry
    - NSDate-Extensions
    - Reachability
    - RXPromise
    - SDWebImage
    - TPCircularBuffer
    - YYKit

SPEC CHECKSUMS:
  AFDownloadRequestOperation: 748a1643423e1ddb23f2178f778087d4f0ae8ac7
  AFNetworking: 8dd5f9b9691e09186393069a12cc3b5ed7c8b511
  ASIHTTPRequest: ec013992946676b7978dcbde6396d57312d21db4
  Aspects: 7595ba96a6727a58ebcbfc954497fc5d2fdde546
  libextobjc: a650fc1bf489a3d3a9bc2e621efa3e1006fc5471
  Masonry: 7c429b56da9d4ee0bbb3ed77a5ea710d6a5df39e
  NSDate-Extensions: cbd68ecf5cf8a150644e184b4521d7734fea5ace
  Reachability: 33e18b67625424e47b6cde6d202dce689ad7af96
  RXPromise: b1e6d6d747db2e0dc53f11ba2a0fbff2456d25e5
  SDWebImage: 920f1a2ff1ca8296ad34f6e0510a1ef1d70ac965
  TPCircularBuffer: c13243556527551c4d320709c7b14a6d20cdc30a
  YYKit: 7cda43304a8dc3696c449041e2cb3107b4e236e7

PODFILE CHECKSUM: 06ac35192fe7fa1b4c117a1e0ea95c720cc73aa7

COCOAPODS: 1.7.5
