// !$*UTF8*$!
{
	archiveVersion = 1;
	classes = {
	};
	objectVersion = 46;
	objects = {

/* Begin PBXBuildFile section */
		18DAF7431F4316BA00692A1E /* UILabel+CPFitLines.m in Sources */ = {isa = PBXBuildFile; fileRef = 18DAF7421F4316BA00692A1E /* UILabel+CPFitLines.m */; };
		18DAF7461F431C4A00692A1E /* NSString+CPSize.m in Sources */ = {isa = PBXBuildFile; fileRef = 18DAF7451F431C4A00692A1E /* NSString+CPSize.m */; };
		18DAF7491F431E1B00692A1E /* CPMultiLabelViewController.m in Sources */ = {isa = PBXBuildFile; fileRef = 18DAF7481F431E1B00692A1E /* CPMultiLabelViewController.m */; };
		18DAF74C1F4321BF00692A1E /* CPMultiTextView.m in Sources */ = {isa = PBXBuildFile; fileRef = 18DAF74B1F4321BF00692A1E /* CPMultiTextView.m */; };
		18DAF74F1F4329F500692A1E /* CPMultiTextCell.m in Sources */ = {isa = PBXBuildFile; fileRef = 18DAF74E1F4329F500692A1E /* CPMultiTextCell.m */; };
		1F923326B6B5EBA6B466B526 /* libPods-commonProj.a in Frameworks */ = {isa = PBXBuildFile; fileRef = 772FE16F9DDA9CA1099D93A5 /* libPods-commonProj.a */; };
		A419102D1D6AE092000BEAC0 /* NSArray+CPArrayCategory.m in Sources */ = {isa = PBXBuildFile; fileRef = A419102C1D6AE092000BEAC0 /* NSArray+CPArrayCategory.m */; };
		A41910301D6AE0BD000BEAC0 /* NSDictionary+CPDictionaryCategory.m in Sources */ = {isa = PBXBuildFile; fileRef = A419102F1D6AE0BD000BEAC0 /* NSDictionary+CPDictionaryCategory.m */; };
		A41910331D6AE1BA000BEAC0 /* UIView+CPFrame.m in Sources */ = {isa = PBXBuildFile; fileRef = A41910321D6AE1BA000BEAC0 /* UIView+CPFrame.m */; };
		A41910361D6AEDB4000BEAC0 /* NSDate+CPDateFormatter.m in Sources */ = {isa = PBXBuildFile; fileRef = A41910351D6AEDB4000BEAC0 /* NSDate+CPDateFormatter.m */; };
		A41910401D6C4E47000BEAC0 /* CPHomePageVC.m in Sources */ = {isa = PBXBuildFile; fileRef = A419103F1D6C4E47000BEAC0 /* CPHomePageVC.m */; };
		A45BF5D21D755AF200D292E0 /* AudioEngineHelper.m in Sources */ = {isa = PBXBuildFile; fileRef = A45BF5CF1D755AF200D292E0 /* AudioEngineHelper.m */; settings = {COMPILER_FLAGS = "-fno-objc-arc"; }; };
		A45BF5D31D755AF200D292E0 /* QKAudioTrack.m in Sources */ = {isa = PBXBuildFile; fileRef = A45BF5D11D755AF200D292E0 /* QKAudioTrack.m */; settings = {COMPILER_FLAGS = "-fno-objc-arc"; }; };
		A45BF5DC1D755CA900D292E0 /* QKBaseAudioPlayer.m in Sources */ = {isa = PBXBuildFile; fileRef = A45BF5D61D755CA800D292E0 /* QKBaseAudioPlayer.m */; settings = {COMPILER_FLAGS = "-fno-objc-arc"; }; };
		A45BF5DD1D755CA900D292E0 /* QKFileAudioPlayer.m in Sources */ = {isa = PBXBuildFile; fileRef = A45BF5D81D755CA800D292E0 /* QKFileAudioPlayer.m */; settings = {COMPILER_FLAGS = "-fno-objc-arc"; }; };
		A45BF5DE1D755CA900D292E0 /* QKNetAudioPlayer.m in Sources */ = {isa = PBXBuildFile; fileRef = A45BF5DA1D755CA900D292E0 /* QKNetAudioPlayer.m */; settings = {COMPILER_FLAGS = "-fno-objc-arc"; }; };
		A45BF5E11D75622200D292E0 /* ReachabilityManager.m in Sources */ = {isa = PBXBuildFile; fileRef = A45BF5E01D75622200D292E0 /* ReachabilityManager.m */; settings = {COMPILER_FLAGS = "-fno-objc-arc"; }; };
		A45BF5E51D756C1800D292E0 /* CPAudioEngine.m in Sources */ = {isa = PBXBuildFile; fileRef = A45BF5E41D756C1800D292E0 /* CPAudioEngine.m */; };
		A48C7F3A1DB8704200ED6313 /* DDNetAudioPlayer.m in Sources */ = {isa = PBXBuildFile; fileRef = A48C7F391DB8704200ED6313 /* DDNetAudioPlayer.m */; };
		A490D3371E0A2A1300E3C4B9 /* DOUAudioAnalyzer.m in Sources */ = {isa = PBXBuildFile; fileRef = A490D3111E0A2A1300E3C4B9 /* DOUAudioAnalyzer.m */; };
		A490D3381E0A2A1300E3C4B9 /* DOUAudioAnalyzer+Default.m in Sources */ = {isa = PBXBuildFile; fileRef = A490D3131E0A2A1300E3C4B9 /* DOUAudioAnalyzer+Default.m */; };
		A490D3391E0A2A1300E3C4B9 /* DOUAudioDecoder.m in Sources */ = {isa = PBXBuildFile; fileRef = A490D3161E0A2A1300E3C4B9 /* DOUAudioDecoder.m */; };
		A490D33A1E0A2A1300E3C4B9 /* DOUAudioEventLoop.m in Sources */ = {isa = PBXBuildFile; fileRef = A490D3181E0A2A1300E3C4B9 /* DOUAudioEventLoop.m */; };
		A490D33B1E0A2A1300E3C4B9 /* DOUAudioFilePreprocessor.m in Sources */ = {isa = PBXBuildFile; fileRef = A490D31B1E0A2A1300E3C4B9 /* DOUAudioFilePreprocessor.m */; };
		A490D33C1E0A2A1300E3C4B9 /* DOUAudioFileProvider.m in Sources */ = {isa = PBXBuildFile; fileRef = A490D31D1E0A2A1300E3C4B9 /* DOUAudioFileProvider.m */; };
		A490D33D1E0A2A1300E3C4B9 /* DOUAudioFrequencyAnalyzer.m in Sources */ = {isa = PBXBuildFile; fileRef = A490D31F1E0A2A1300E3C4B9 /* DOUAudioFrequencyAnalyzer.m */; };
		A490D33E1E0A2A1300E3C4B9 /* DOUAudioLPCM.m in Sources */ = {isa = PBXBuildFile; fileRef = A490D3211E0A2A1300E3C4B9 /* DOUAudioLPCM.m */; };
		A490D33F1E0A2A1300E3C4B9 /* DOUAudioPlaybackItem.m in Sources */ = {isa = PBXBuildFile; fileRef = A490D3231E0A2A1300E3C4B9 /* DOUAudioPlaybackItem.m */; };
		A490D3401E0A2A1300E3C4B9 /* DOUAudioRenderer.m in Sources */ = {isa = PBXBuildFile; fileRef = A490D3251E0A2A1300E3C4B9 /* DOUAudioRenderer.m */; };
		A490D3411E0A2A1300E3C4B9 /* DOUAudioSpatialAnalyzer.m in Sources */ = {isa = PBXBuildFile; fileRef = A490D3271E0A2A1300E3C4B9 /* DOUAudioSpatialAnalyzer.m */; };
		A490D3421E0A2A1300E3C4B9 /* DOUAudioStreamer.m in Sources */ = {isa = PBXBuildFile; fileRef = A490D32A1E0A2A1300E3C4B9 /* DOUAudioStreamer.m */; };
		A490D3431E0A2A1300E3C4B9 /* DOUAudioStreamer+Options.m in Sources */ = {isa = PBXBuildFile; fileRef = A490D32C1E0A2A1300E3C4B9 /* DOUAudioStreamer+Options.m */; };
		A490D3441E0A2A1300E3C4B9 /* DOUAudioVisualizer.m in Sources */ = {isa = PBXBuildFile; fileRef = A490D32E1E0A2A1300E3C4B9 /* DOUAudioVisualizer.m */; };
		A490D3451E0A2A1300E3C4B9 /* DOUEAGLView.m in Sources */ = {isa = PBXBuildFile; fileRef = A490D3301E0A2A1300E3C4B9 /* DOUEAGLView.m */; };
		A490D3461E0A2A1300E3C4B9 /* DOUMPMediaLibraryAssetLoader.m in Sources */ = {isa = PBXBuildFile; fileRef = A490D3321E0A2A1300E3C4B9 /* DOUMPMediaLibraryAssetLoader.m */; };
		A490D3471E0A2A1300E3C4B9 /* DOUSimpleHTTPRequest.m in Sources */ = {isa = PBXBuildFile; fileRef = A490D3341E0A2A1300E3C4B9 /* DOUSimpleHTTPRequest.m */; };
		A490D3481E0A2A1300E3C4B9 /* NSData+DOUMappedFile.m in Sources */ = {isa = PBXBuildFile; fileRef = A490D3361E0A2A1300E3C4B9 /* NSData+DOUMappedFile.m */; };
		A490D34B1E0A2EB300E3C4B9 /* QRAudioTrack.m in Sources */ = {isa = PBXBuildFile; fileRef = A490D34A1E0A2EB300E3C4B9 /* QRAudioTrack.m */; };
		A490D34E1E0A352F00E3C4B9 /* QRAudioBookEngine.m in Sources */ = {isa = PBXBuildFile; fileRef = A490D34D1E0A352F00E3C4B9 /* QRAudioBookEngine.m */; };
		A490D36C1E0CCBE300E3C4B9 /* QRAudioBookPlayVC.m in Sources */ = {isa = PBXBuildFile; fileRef = A490D36B1E0CCBE300E3C4B9 /* QRAudioBookPlayVC.m */; };
		A490D36F1E0CD12300E3C4B9 /* QRAudioBookPlayView.m in Sources */ = {isa = PBXBuildFile; fileRef = A490D36E1E0CD12300E3C4B9 /* QRAudioBookPlayView.m */; };
		A490D3721E0D13DE00E3C4B9 /* QRAudioTrack+Provider.m in Sources */ = {isa = PBXBuildFile; fileRef = A490D3711E0D13DE00E3C4B9 /* QRAudioTrack+Provider.m */; };
		A4AE6DD61D655FDD0038E4A1 /* main.m in Sources */ = {isa = PBXBuildFile; fileRef = A4AE6DD51D655FDD0038E4A1 /* main.m */; };
		A4AE6DD91D655FDD0038E4A1 /* AppDelegate.m in Sources */ = {isa = PBXBuildFile; fileRef = A4AE6DD81D655FDD0038E4A1 /* AppDelegate.m */; };
		A4AE6DDC1D655FDD0038E4A1 /* ViewController.m in Sources */ = {isa = PBXBuildFile; fileRef = A4AE6DDB1D655FDD0038E4A1 /* ViewController.m */; };
		A4AE6DDF1D655FDD0038E4A1 /* Main.storyboard in Resources */ = {isa = PBXBuildFile; fileRef = A4AE6DDD1D655FDD0038E4A1 /* Main.storyboard */; };
		A4AE6DE11D655FDD0038E4A1 /* Assets.xcassets in Resources */ = {isa = PBXBuildFile; fileRef = A4AE6DE01D655FDD0038E4A1 /* Assets.xcassets */; };
		A4AE6DE41D655FDD0038E4A1 /* LaunchScreen.storyboard in Resources */ = {isa = PBXBuildFile; fileRef = A4AE6DE21D655FDD0038E4A1 /* LaunchScreen.storyboard */; };
		A4AE6DEF1D655FDE0038E4A1 /* commonProjTests.m in Sources */ = {isa = PBXBuildFile; fileRef = A4AE6DEE1D655FDE0038E4A1 /* commonProjTests.m */; };
		A4AE6DFA1D655FDE0038E4A1 /* commonProjUITests.m in Sources */ = {isa = PBXBuildFile; fileRef = A4AE6DF91D655FDE0038E4A1 /* commonProjUITests.m */; };
		A4AE6E0F1D66ECDA0038E4A1 /* UITableView+CPAutoSizingCategory.m in Sources */ = {isa = PBXBuildFile; fileRef = A4AE6E0E1D66ECDA0038E4A1 /* UITableView+CPAutoSizingCategory.m */; };
		A4AE6E121D66ED2B0038E4A1 /* UITableViewCell+CPAutoSizingCategory.m in Sources */ = {isa = PBXBuildFile; fileRef = A4AE6E111D66ED2B0038E4A1 /* UITableViewCell+CPAutoSizingCategory.m */; };
		A4AE6E151D66FD880038E4A1 /* UIColor+CPSimpleColor.m in Sources */ = {isa = PBXBuildFile; fileRef = A4AE6E141D66FD880038E4A1 /* UIColor+CPSimpleColor.m */; };
		A4CD48381F0CDCA200A880D6 /* Rc4Util.m in Sources */ = {isa = PBXBuildFile; fileRef = A4CD48371F0CDCA200A880D6 /* Rc4Util.m */; };
		A4DDB3C01F21E0980071CA31 /* CPThreadViewController.m in Sources */ = {isa = PBXBuildFile; fileRef = A4DDB3BF1F21E0980071CA31 /* CPThreadViewController.m */; };
		A4DDB3C41F28A85C0071CA31 /* CPRuntimeViewController.m in Sources */ = {isa = PBXBuildFile; fileRef = A4DDB3C31F28A85C0071CA31 /* CPRuntimeViewController.m */; };
		A4DDB3C81F29E1050071CA31 /* CPConsole.m in Sources */ = {isa = PBXBuildFile; fileRef = A4DDB3C71F29E1050071CA31 /* CPConsole.m */; };
		A4DDB3D71F2F1CF70071CA31 /* CPViewController.m in Sources */ = {isa = PBXBuildFile; fileRef = A4DDB3D61F2F1CF70071CA31 /* CPViewController.m */; };
/* End PBXBuildFile section */

/* Begin PBXContainerItemProxy section */
		A4AE6DEB1D655FDE0038E4A1 /* PBXContainerItemProxy */ = {
			isa = PBXContainerItemProxy;
			containerPortal = A4AE6DC91D655FDD0038E4A1 /* Project object */;
			proxyType = 1;
			remoteGlobalIDString = A4AE6DD01D655FDD0038E4A1;
			remoteInfo = commonProj;
		};
		A4AE6DF61D655FDE0038E4A1 /* PBXContainerItemProxy */ = {
			isa = PBXContainerItemProxy;
			containerPortal = A4AE6DC91D655FDD0038E4A1 /* Project object */;
			proxyType = 1;
			remoteGlobalIDString = A4AE6DD01D655FDD0038E4A1;
			remoteInfo = commonProj;
		};
/* End PBXContainerItemProxy section */

/* Begin PBXFileReference section */
		18DAF7411F4316BA00692A1E /* UILabel+CPFitLines.h */ = {isa = PBXFileReference; fileEncoding = 4; lastKnownFileType = sourcecode.c.h; name = "UILabel+CPFitLines.h"; path = "CPKit/UILabel+CPFitLines.h"; sourceTree = "<group>"; };
		18DAF7421F4316BA00692A1E /* UILabel+CPFitLines.m */ = {isa = PBXFileReference; fileEncoding = 4; lastKnownFileType = sourcecode.c.objc; name = "UILabel+CPFitLines.m"; path = "CPKit/UILabel+CPFitLines.m"; sourceTree = "<group>"; };
		18DAF7441F431C4A00692A1E /* NSString+CPSize.h */ = {isa = PBXFileReference; fileEncoding = 4; lastKnownFileType = sourcecode.c.h; name = "NSString+CPSize.h"; path = "CPKit/NSString+CPSize.h"; sourceTree = "<group>"; };
		18DAF7451F431C4A00692A1E /* NSString+CPSize.m */ = {isa = PBXFileReference; fileEncoding = 4; lastKnownFileType = sourcecode.c.objc; name = "NSString+CPSize.m"; path = "CPKit/NSString+CPSize.m"; sourceTree = "<group>"; };
		18DAF7471F431E1B00692A1E /* CPMultiLabelViewController.h */ = {isa = PBXFileReference; fileEncoding = 4; lastKnownFileType = sourcecode.c.h; name = CPMultiLabelViewController.h; path = CPMultiLabel/CPMultiLabelViewController.h; sourceTree = "<group>"; };
		18DAF7481F431E1B00692A1E /* CPMultiLabelViewController.m */ = {isa = PBXFileReference; fileEncoding = 4; lastKnownFileType = sourcecode.c.objc; name = CPMultiLabelViewController.m; path = CPMultiLabel/CPMultiLabelViewController.m; sourceTree = "<group>"; };
		18DAF74A1F4321BF00692A1E /* CPMultiTextView.h */ = {isa = PBXFileReference; fileEncoding = 4; lastKnownFileType = sourcecode.c.h; name = CPMultiTextView.h; path = CPKit/CPMultiTextView.h; sourceTree = "<group>"; };
		18DAF74B1F4321BF00692A1E /* CPMultiTextView.m */ = {isa = PBXFileReference; fileEncoding = 4; lastKnownFileType = sourcecode.c.objc; name = CPMultiTextView.m; path = CPKit/CPMultiTextView.m; sourceTree = "<group>"; };
		18DAF74D1F4329F500692A1E /* CPMultiTextCell.h */ = {isa = PBXFileReference; fileEncoding = 4; lastKnownFileType = sourcecode.c.h; name = CPMultiTextCell.h; path = CPMultiLabel/CPMultiTextCell.h; sourceTree = "<group>"; };
		18DAF74E1F4329F500692A1E /* CPMultiTextCell.m */ = {isa = PBXFileReference; fileEncoding = 4; lastKnownFileType = sourcecode.c.objc; name = CPMultiTextCell.m; path = CPMultiLabel/CPMultiTextCell.m; sourceTree = "<group>"; };
		31D30CCE48ED42248E17F934 /* Pods-commonProj.debug.xcconfig */ = {isa = PBXFileReference; includeInIndex = 1; lastKnownFileType = text.xcconfig; name = "Pods-commonProj.debug.xcconfig"; path = "Pods/Target Support Files/Pods-commonProj/Pods-commonProj.debug.xcconfig"; sourceTree = "<group>"; };
		772FE16F9DDA9CA1099D93A5 /* libPods-commonProj.a */ = {isa = PBXFileReference; explicitFileType = archive.ar; includeInIndex = 0; path = "libPods-commonProj.a"; sourceTree = BUILT_PRODUCTS_DIR; };
		A419102B1D6AE092000BEAC0 /* NSArray+CPArrayCategory.h */ = {isa = PBXFileReference; fileEncoding = 4; lastKnownFileType = sourcecode.c.h; name = "NSArray+CPArrayCategory.h"; path = "Category/NSArray+CPArrayCategory.h"; sourceTree = "<group>"; };
		A419102C1D6AE092000BEAC0 /* NSArray+CPArrayCategory.m */ = {isa = PBXFileReference; fileEncoding = 4; lastKnownFileType = sourcecode.c.objc; name = "NSArray+CPArrayCategory.m"; path = "Category/NSArray+CPArrayCategory.m"; sourceTree = "<group>"; };
		A419102E1D6AE0BD000BEAC0 /* NSDictionary+CPDictionaryCategory.h */ = {isa = PBXFileReference; fileEncoding = 4; lastKnownFileType = sourcecode.c.h; name = "NSDictionary+CPDictionaryCategory.h"; path = "Category/NSDictionary+CPDictionaryCategory.h"; sourceTree = "<group>"; };
		A419102F1D6AE0BD000BEAC0 /* NSDictionary+CPDictionaryCategory.m */ = {isa = PBXFileReference; fileEncoding = 4; lastKnownFileType = sourcecode.c.objc; name = "NSDictionary+CPDictionaryCategory.m"; path = "Category/NSDictionary+CPDictionaryCategory.m"; sourceTree = "<group>"; };
		A41910311D6AE1BA000BEAC0 /* UIView+CPFrame.h */ = {isa = PBXFileReference; fileEncoding = 4; lastKnownFileType = sourcecode.c.h; name = "UIView+CPFrame.h"; path = "Category/UIView+CPFrame.h"; sourceTree = "<group>"; };
		A41910321D6AE1BA000BEAC0 /* UIView+CPFrame.m */ = {isa = PBXFileReference; fileEncoding = 4; lastKnownFileType = sourcecode.c.objc; name = "UIView+CPFrame.m"; path = "Category/UIView+CPFrame.m"; sourceTree = "<group>"; };
		A41910341D6AEDB4000BEAC0 /* NSDate+CPDateFormatter.h */ = {isa = PBXFileReference; fileEncoding = 4; lastKnownFileType = sourcecode.c.h; name = "NSDate+CPDateFormatter.h"; path = "Category/NSDate+CPDateFormatter.h"; sourceTree = "<group>"; };
		A41910351D6AEDB4000BEAC0 /* NSDate+CPDateFormatter.m */ = {isa = PBXFileReference; fileEncoding = 4; lastKnownFileType = sourcecode.c.objc; name = "NSDate+CPDateFormatter.m"; path = "Category/NSDate+CPDateFormatter.m"; sourceTree = "<group>"; };
		A419103E1D6C4E47000BEAC0 /* CPHomePageVC.h */ = {isa = PBXFileReference; fileEncoding = 4; lastKnownFileType = sourcecode.c.h; name = CPHomePageVC.h; path = Business/CPHomePageVC.h; sourceTree = "<group>"; };
		A419103F1D6C4E47000BEAC0 /* CPHomePageVC.m */ = {isa = PBXFileReference; fileEncoding = 4; lastKnownFileType = sourcecode.c.objc; name = CPHomePageVC.m; path = Business/CPHomePageVC.m; sourceTree = "<group>"; };
		A41910441D6C501C000BEAC0 /* commonProj-Prefix.pch */ = {isa = PBXFileReference; lastKnownFileType = sourcecode.c.h; path = "commonProj-Prefix.pch"; sourceTree = "<group>"; };
		A45BF5CC1D755AF200D292E0 /* AudioCommonDefine.h */ = {isa = PBXFileReference; fileEncoding = 4; lastKnownFileType = sourcecode.c.h; name = AudioCommonDefine.h; path = AudioEngine/Common/AudioCommonDefine.h; sourceTree = "<group>"; };
		A45BF5CD1D755AF200D292E0 /* AudioCommonUtil.h */ = {isa = PBXFileReference; fileEncoding = 4; lastKnownFileType = sourcecode.c.h; name = AudioCommonUtil.h; path = AudioEngine/Common/AudioCommonUtil.h; sourceTree = "<group>"; };
		A45BF5CE1D755AF200D292E0 /* AudioEngineHelper.h */ = {isa = PBXFileReference; fileEncoding = 4; lastKnownFileType = sourcecode.c.h; name = AudioEngineHelper.h; path = AudioEngine/Common/AudioEngineHelper.h; sourceTree = "<group>"; };
		A45BF5CF1D755AF200D292E0 /* AudioEngineHelper.m */ = {isa = PBXFileReference; fileEncoding = 4; lastKnownFileType = sourcecode.c.objc; name = AudioEngineHelper.m; path = AudioEngine/Common/AudioEngineHelper.m; sourceTree = "<group>"; };
		A45BF5D01D755AF200D292E0 /* QKAudioTrack.h */ = {isa = PBXFileReference; fileEncoding = 4; lastKnownFileType = sourcecode.c.h; name = QKAudioTrack.h; path = AudioEngine/Common/QKAudioTrack.h; sourceTree = "<group>"; };
		A45BF5D11D755AF200D292E0 /* QKAudioTrack.m */ = {isa = PBXFileReference; fileEncoding = 4; lastKnownFileType = sourcecode.c.objc; name = QKAudioTrack.m; path = AudioEngine/Common/QKAudioTrack.m; sourceTree = "<group>"; };
		A45BF5D51D755CA800D292E0 /* QKBaseAudioPlayer.h */ = {isa = PBXFileReference; fileEncoding = 4; lastKnownFileType = sourcecode.c.h; name = QKBaseAudioPlayer.h; path = AudioEngine/AudioPlayer/QKBaseAudioPlayer.h; sourceTree = "<group>"; };
		A45BF5D61D755CA800D292E0 /* QKBaseAudioPlayer.m */ = {isa = PBXFileReference; fileEncoding = 4; lastKnownFileType = sourcecode.c.objc; name = QKBaseAudioPlayer.m; path = AudioEngine/AudioPlayer/QKBaseAudioPlayer.m; sourceTree = "<group>"; };
		A45BF5D71D755CA800D292E0 /* QKFileAudioPlayer.h */ = {isa = PBXFileReference; fileEncoding = 4; lastKnownFileType = sourcecode.c.h; name = QKFileAudioPlayer.h; path = AudioEngine/AudioPlayer/QKFileAudioPlayer.h; sourceTree = "<group>"; };
		A45BF5D81D755CA800D292E0 /* QKFileAudioPlayer.m */ = {isa = PBXFileReference; fileEncoding = 4; lastKnownFileType = sourcecode.c.objc; name = QKFileAudioPlayer.m; path = AudioEngine/AudioPlayer/QKFileAudioPlayer.m; sourceTree = "<group>"; };
		A45BF5D91D755CA900D292E0 /* QKNetAudioPlayer.h */ = {isa = PBXFileReference; fileEncoding = 4; lastKnownFileType = sourcecode.c.h; name = QKNetAudioPlayer.h; path = AudioEngine/AudioPlayer/QKNetAudioPlayer.h; sourceTree = "<group>"; };
		A45BF5DA1D755CA900D292E0 /* QKNetAudioPlayer.m */ = {isa = PBXFileReference; fileEncoding = 4; lastKnownFileType = sourcecode.c.objc; name = QKNetAudioPlayer.m; path = AudioEngine/AudioPlayer/QKNetAudioPlayer.m; sourceTree = "<group>"; };
		A45BF5DB1D755CA900D292E0 /* QKPlayerProtocol.h */ = {isa = PBXFileReference; fileEncoding = 4; lastKnownFileType = sourcecode.c.h; name = QKPlayerProtocol.h; path = AudioEngine/AudioPlayer/QKPlayerProtocol.h; sourceTree = "<group>"; };
		A45BF5DF1D75622200D292E0 /* ReachabilityManager.h */ = {isa = PBXFileReference; fileEncoding = 4; lastKnownFileType = sourcecode.c.h; name = ReachabilityManager.h; path = AudioEngine/ReachabilityManager.h; sourceTree = "<group>"; };
		A45BF5E01D75622200D292E0 /* ReachabilityManager.m */ = {isa = PBXFileReference; fileEncoding = 4; lastKnownFileType = sourcecode.c.objc; name = ReachabilityManager.m; path = AudioEngine/ReachabilityManager.m; sourceTree = "<group>"; };
		A45BF5E21D7562A900D292E0 /* PublicConfig.h */ = {isa = PBXFileReference; fileEncoding = 4; lastKnownFileType = sourcecode.c.h; name = PublicConfig.h; path = AudioEngine/PublicConfig.h; sourceTree = "<group>"; };
		A45BF5E31D756C1800D292E0 /* CPAudioEngine.h */ = {isa = PBXFileReference; fileEncoding = 4; lastKnownFileType = sourcecode.c.h; name = CPAudioEngine.h; path = AudioEngine/CPAudioEngine.h; sourceTree = "<group>"; };
		A45BF5E41D756C1800D292E0 /* CPAudioEngine.m */ = {isa = PBXFileReference; fileEncoding = 4; lastKnownFileType = sourcecode.c.objc; name = CPAudioEngine.m; path = AudioEngine/CPAudioEngine.m; sourceTree = "<group>"; };
		A48C7F381DB8704200ED6313 /* DDNetAudioPlayer.h */ = {isa = PBXFileReference; fileEncoding = 4; lastKnownFileType = sourcecode.c.h; name = DDNetAudioPlayer.h; path = AudioEngine/AudioPlayer/DDNetAudioPlayer.h; sourceTree = "<group>"; };
		A48C7F391DB8704200ED6313 /* DDNetAudioPlayer.m */ = {isa = PBXFileReference; fileEncoding = 4; lastKnownFileType = sourcecode.c.objc; name = DDNetAudioPlayer.m; path = AudioEngine/AudioPlayer/DDNetAudioPlayer.m; sourceTree = "<group>"; };
		A490D30F1E0A2A1300E3C4B9 /* DOUAudioAnalyzer_Private.h */ = {isa = PBXFileReference; fileEncoding = 4; lastKnownFileType = sourcecode.c.h; name = DOUAudioAnalyzer_Private.h; path = QRAudioEngine/lib/DOUAudioAnalyzer_Private.h; sourceTree = "<group>"; };
		A490D3101E0A2A1300E3C4B9 /* DOUAudioAnalyzer.h */ = {isa = PBXFileReference; fileEncoding = 4; lastKnownFileType = sourcecode.c.h; name = DOUAudioAnalyzer.h; path = QRAudioEngine/lib/DOUAudioAnalyzer.h; sourceTree = "<group>"; };
		A490D3111E0A2A1300E3C4B9 /* DOUAudioAnalyzer.m */ = {isa = PBXFileReference; fileEncoding = 4; lastKnownFileType = sourcecode.c.objc; name = DOUAudioAnalyzer.m; path = QRAudioEngine/lib/DOUAudioAnalyzer.m; sourceTree = "<group>"; };
		A490D3121E0A2A1300E3C4B9 /* DOUAudioAnalyzer+Default.h */ = {isa = PBXFileReference; fileEncoding = 4; lastKnownFileType = sourcecode.c.h; name = "DOUAudioAnalyzer+Default.h"; path = "QRAudioEngine/lib/DOUAudioAnalyzer+Default.h"; sourceTree = "<group>"; };
		A490D3131E0A2A1300E3C4B9 /* DOUAudioAnalyzer+Default.m */ = {isa = PBXFileReference; fileEncoding = 4; lastKnownFileType = sourcecode.c.objc; name = "DOUAudioAnalyzer+Default.m"; path = "QRAudioEngine/lib/DOUAudioAnalyzer+Default.m"; sourceTree = "<group>"; };
		A490D3141E0A2A1300E3C4B9 /* DOUAudioBase.h */ = {isa = PBXFileReference; fileEncoding = 4; lastKnownFileType = sourcecode.c.h; name = DOUAudioBase.h; path = QRAudioEngine/lib/DOUAudioBase.h; sourceTree = "<group>"; };
		A490D3151E0A2A1300E3C4B9 /* DOUAudioDecoder.h */ = {isa = PBXFileReference; fileEncoding = 4; lastKnownFileType = sourcecode.c.h; name = DOUAudioDecoder.h; path = QRAudioEngine/lib/DOUAudioDecoder.h; sourceTree = "<group>"; };
		A490D3161E0A2A1300E3C4B9 /* DOUAudioDecoder.m */ = {isa = PBXFileReference; fileEncoding = 4; lastKnownFileType = sourcecode.c.objc; name = DOUAudioDecoder.m; path = QRAudioEngine/lib/DOUAudioDecoder.m; sourceTree = "<group>"; };
		A490D3171E0A2A1300E3C4B9 /* DOUAudioEventLoop.h */ = {isa = PBXFileReference; fileEncoding = 4; lastKnownFileType = sourcecode.c.h; name = DOUAudioEventLoop.h; path = QRAudioEngine/lib/DOUAudioEventLoop.h; sourceTree = "<group>"; };
		A490D3181E0A2A1300E3C4B9 /* DOUAudioEventLoop.m */ = {isa = PBXFileReference; fileEncoding = 4; lastKnownFileType = sourcecode.c.objc; name = DOUAudioEventLoop.m; path = QRAudioEngine/lib/DOUAudioEventLoop.m; sourceTree = "<group>"; };
		A490D3191E0A2A1300E3C4B9 /* DOUAudioFile.h */ = {isa = PBXFileReference; fileEncoding = 4; lastKnownFileType = sourcecode.c.h; name = DOUAudioFile.h; path = QRAudioEngine/lib/DOUAudioFile.h; sourceTree = "<group>"; };
		A490D31A1E0A2A1300E3C4B9 /* DOUAudioFilePreprocessor.h */ = {isa = PBXFileReference; fileEncoding = 4; lastKnownFileType = sourcecode.c.h; name = DOUAudioFilePreprocessor.h; path = QRAudioEngine/lib/DOUAudioFilePreprocessor.h; sourceTree = "<group>"; };
		A490D31B1E0A2A1300E3C4B9 /* DOUAudioFilePreprocessor.m */ = {isa = PBXFileReference; fileEncoding = 4; lastKnownFileType = sourcecode.c.objc; name = DOUAudioFilePreprocessor.m; path = QRAudioEngine/lib/DOUAudioFilePreprocessor.m; sourceTree = "<group>"; };
		A490D31C1E0A2A1300E3C4B9 /* DOUAudioFileProvider.h */ = {isa = PBXFileReference; fileEncoding = 4; lastKnownFileType = sourcecode.c.h; name = DOUAudioFileProvider.h; path = QRAudioEngine/lib/DOUAudioFileProvider.h; sourceTree = "<group>"; };
		A490D31D1E0A2A1300E3C4B9 /* DOUAudioFileProvider.m */ = {isa = PBXFileReference; fileEncoding = 4; lastKnownFileType = sourcecode.c.objc; name = DOUAudioFileProvider.m; path = QRAudioEngine/lib/DOUAudioFileProvider.m; sourceTree = "<group>"; };
		A490D31E1E0A2A1300E3C4B9 /* DOUAudioFrequencyAnalyzer.h */ = {isa = PBXFileReference; fileEncoding = 4; lastKnownFileType = sourcecode.c.h; name = DOUAudioFrequencyAnalyzer.h; path = QRAudioEngine/lib/DOUAudioFrequencyAnalyzer.h; sourceTree = "<group>"; };
		A490D31F1E0A2A1300E3C4B9 /* DOUAudioFrequencyAnalyzer.m */ = {isa = PBXFileReference; fileEncoding = 4; lastKnownFileType = sourcecode.c.objc; name = DOUAudioFrequencyAnalyzer.m; path = QRAudioEngine/lib/DOUAudioFrequencyAnalyzer.m; sourceTree = "<group>"; };
		A490D3201E0A2A1300E3C4B9 /* DOUAudioLPCM.h */ = {isa = PBXFileReference; fileEncoding = 4; lastKnownFileType = sourcecode.c.h; name = DOUAudioLPCM.h; path = QRAudioEngine/lib/DOUAudioLPCM.h; sourceTree = "<group>"; };
		A490D3211E0A2A1300E3C4B9 /* DOUAudioLPCM.m */ = {isa = PBXFileReference; fileEncoding = 4; lastKnownFileType = sourcecode.c.objc; name = DOUAudioLPCM.m; path = QRAudioEngine/lib/DOUAudioLPCM.m; sourceTree = "<group>"; };
		A490D3221E0A2A1300E3C4B9 /* DOUAudioPlaybackItem.h */ = {isa = PBXFileReference; fileEncoding = 4; lastKnownFileType = sourcecode.c.h; name = DOUAudioPlaybackItem.h; path = QRAudioEngine/lib/DOUAudioPlaybackItem.h; sourceTree = "<group>"; };
		A490D3231E0A2A1300E3C4B9 /* DOUAudioPlaybackItem.m */ = {isa = PBXFileReference; fileEncoding = 4; lastKnownFileType = sourcecode.c.objc; name = DOUAudioPlaybackItem.m; path = QRAudioEngine/lib/DOUAudioPlaybackItem.m; sourceTree = "<group>"; };
		A490D3241E0A2A1300E3C4B9 /* DOUAudioRenderer.h */ = {isa = PBXFileReference; fileEncoding = 4; lastKnownFileType = sourcecode.c.h; name = DOUAudioRenderer.h; path = QRAudioEngine/lib/DOUAudioRenderer.h; sourceTree = "<group>"; };
		A490D3251E0A2A1300E3C4B9 /* DOUAudioRenderer.m */ = {isa = PBXFileReference; fileEncoding = 4; lastKnownFileType = sourcecode.c.objc; name = DOUAudioRenderer.m; path = QRAudioEngine/lib/DOUAudioRenderer.m; sourceTree = "<group>"; };
		A490D3261E0A2A1300E3C4B9 /* DOUAudioSpatialAnalyzer.h */ = {isa = PBXFileReference; fileEncoding = 4; lastKnownFileType = sourcecode.c.h; name = DOUAudioSpatialAnalyzer.h; path = QRAudioEngine/lib/DOUAudioSpatialAnalyzer.h; sourceTree = "<group>"; };
		A490D3271E0A2A1300E3C4B9 /* DOUAudioSpatialAnalyzer.m */ = {isa = PBXFileReference; fileEncoding = 4; lastKnownFileType = sourcecode.c.objc; name = DOUAudioSpatialAnalyzer.m; path = QRAudioEngine/lib/DOUAudioSpatialAnalyzer.m; sourceTree = "<group>"; };
		A490D3281E0A2A1300E3C4B9 /* DOUAudioStreamer_Private.h */ = {isa = PBXFileReference; fileEncoding = 4; lastKnownFileType = sourcecode.c.h; name = DOUAudioStreamer_Private.h; path = QRAudioEngine/lib/DOUAudioStreamer_Private.h; sourceTree = "<group>"; };
		A490D3291E0A2A1300E3C4B9 /* DOUAudioStreamer.h */ = {isa = PBXFileReference; fileEncoding = 4; lastKnownFileType = sourcecode.c.h; name = DOUAudioStreamer.h; path = QRAudioEngine/lib/DOUAudioStreamer.h; sourceTree = "<group>"; };
		A490D32A1E0A2A1300E3C4B9 /* DOUAudioStreamer.m */ = {isa = PBXFileReference; fileEncoding = 4; lastKnownFileType = sourcecode.c.objc; name = DOUAudioStreamer.m; path = QRAudioEngine/lib/DOUAudioStreamer.m; sourceTree = "<group>"; };
		A490D32B1E0A2A1300E3C4B9 /* DOUAudioStreamer+Options.h */ = {isa = PBXFileReference; fileEncoding = 4; lastKnownFileType = sourcecode.c.h; name = "DOUAudioStreamer+Options.h"; path = "QRAudioEngine/lib/DOUAudioStreamer+Options.h"; sourceTree = "<group>"; };
		A490D32C1E0A2A1300E3C4B9 /* DOUAudioStreamer+Options.m */ = {isa = PBXFileReference; fileEncoding = 4; lastKnownFileType = sourcecode.c.objc; name = "DOUAudioStreamer+Options.m"; path = "QRAudioEngine/lib/DOUAudioStreamer+Options.m"; sourceTree = "<group>"; };
		A490D32D1E0A2A1300E3C4B9 /* DOUAudioVisualizer.h */ = {isa = PBXFileReference; fileEncoding = 4; lastKnownFileType = sourcecode.c.h; name = DOUAudioVisualizer.h; path = QRAudioEngine/lib/DOUAudioVisualizer.h; sourceTree = "<group>"; };
		A490D32E1E0A2A1300E3C4B9 /* DOUAudioVisualizer.m */ = {isa = PBXFileReference; fileEncoding = 4; lastKnownFileType = sourcecode.c.objc; name = DOUAudioVisualizer.m; path = QRAudioEngine/lib/DOUAudioVisualizer.m; sourceTree = "<group>"; };
		A490D32F1E0A2A1300E3C4B9 /* DOUEAGLView.h */ = {isa = PBXFileReference; fileEncoding = 4; lastKnownFileType = sourcecode.c.h; name = DOUEAGLView.h; path = QRAudioEngine/lib/DOUEAGLView.h; sourceTree = "<group>"; };
		A490D3301E0A2A1300E3C4B9 /* DOUEAGLView.m */ = {isa = PBXFileReference; fileEncoding = 4; lastKnownFileType = sourcecode.c.objc; name = DOUEAGLView.m; path = QRAudioEngine/lib/DOUEAGLView.m; sourceTree = "<group>"; };
		A490D3311E0A2A1300E3C4B9 /* DOUMPMediaLibraryAssetLoader.h */ = {isa = PBXFileReference; fileEncoding = 4; lastKnownFileType = sourcecode.c.h; name = DOUMPMediaLibraryAssetLoader.h; path = QRAudioEngine/lib/DOUMPMediaLibraryAssetLoader.h; sourceTree = "<group>"; };
		A490D3321E0A2A1300E3C4B9 /* DOUMPMediaLibraryAssetLoader.m */ = {isa = PBXFileReference; fileEncoding = 4; lastKnownFileType = sourcecode.c.objc; name = DOUMPMediaLibraryAssetLoader.m; path = QRAudioEngine/lib/DOUMPMediaLibraryAssetLoader.m; sourceTree = "<group>"; };
		A490D3331E0A2A1300E3C4B9 /* DOUSimpleHTTPRequest.h */ = {isa = PBXFileReference; fileEncoding = 4; lastKnownFileType = sourcecode.c.h; name = DOUSimpleHTTPRequest.h; path = QRAudioEngine/lib/DOUSimpleHTTPRequest.h; sourceTree = "<group>"; };
		A490D3341E0A2A1300E3C4B9 /* DOUSimpleHTTPRequest.m */ = {isa = PBXFileReference; fileEncoding = 4; lastKnownFileType = sourcecode.c.objc; name = DOUSimpleHTTPRequest.m; path = QRAudioEngine/lib/DOUSimpleHTTPRequest.m; sourceTree = "<group>"; };
		A490D3351E0A2A1300E3C4B9 /* NSData+DOUMappedFile.h */ = {isa = PBXFileReference; fileEncoding = 4; lastKnownFileType = sourcecode.c.h; name = "NSData+DOUMappedFile.h"; path = "QRAudioEngine/lib/NSData+DOUMappedFile.h"; sourceTree = "<group>"; };
		A490D3361E0A2A1300E3C4B9 /* NSData+DOUMappedFile.m */ = {isa = PBXFileReference; fileEncoding = 4; lastKnownFileType = sourcecode.c.objc; name = "NSData+DOUMappedFile.m"; path = "QRAudioEngine/lib/NSData+DOUMappedFile.m"; sourceTree = "<group>"; };
		A490D3491E0A2EB300E3C4B9 /* QRAudioTrack.h */ = {isa = PBXFileReference; fileEncoding = 4; lastKnownFileType = sourcecode.c.h; name = QRAudioTrack.h; path = QRAudioEngine/QRAudioTrack.h; sourceTree = "<group>"; };
		A490D34A1E0A2EB300E3C4B9 /* QRAudioTrack.m */ = {isa = PBXFileReference; fileEncoding = 4; lastKnownFileType = sourcecode.c.objc; name = QRAudioTrack.m; path = QRAudioEngine/QRAudioTrack.m; sourceTree = "<group>"; };
		A490D34C1E0A352F00E3C4B9 /* QRAudioBookEngine.h */ = {isa = PBXFileReference; fileEncoding = 4; lastKnownFileType = sourcecode.c.h; name = QRAudioBookEngine.h; path = QRAudioEngine/QRAudioBookEngine.h; sourceTree = "<group>"; };
		A490D34D1E0A352F00E3C4B9 /* QRAudioBookEngine.m */ = {isa = PBXFileReference; fileEncoding = 4; lastKnownFileType = sourcecode.c.objc; name = QRAudioBookEngine.m; path = QRAudioEngine/QRAudioBookEngine.m; sourceTree = "<group>"; };
		A490D34F1E0A56C700E3C4B9 /* QRAudioBookProtocol.h */ = {isa = PBXFileReference; lastKnownFileType = sourcecode.c.h; name = QRAudioBookProtocol.h; path = QRAudioEngine/QRAudioBookProtocol.h; sourceTree = "<group>"; };
		A490D36A1E0CCBE300E3C4B9 /* QRAudioBookPlayVC.h */ = {isa = PBXFileReference; fileEncoding = 4; lastKnownFileType = sourcecode.c.h; name = QRAudioBookPlayVC.h; path = QRAudioEngine/UI/QRAudioBookPlayVC.h; sourceTree = "<group>"; };
		A490D36B1E0CCBE300E3C4B9 /* QRAudioBookPlayVC.m */ = {isa = PBXFileReference; fileEncoding = 4; lastKnownFileType = sourcecode.c.objc; name = QRAudioBookPlayVC.m; path = QRAudioEngine/UI/QRAudioBookPlayVC.m; sourceTree = "<group>"; };
		A490D36D1E0CD12300E3C4B9 /* QRAudioBookPlayView.h */ = {isa = PBXFileReference; fileEncoding = 4; lastKnownFileType = sourcecode.c.h; name = QRAudioBookPlayView.h; path = QRAudioEngine/UI/QRAudioBookPlayView.h; sourceTree = "<group>"; };
		A490D36E1E0CD12300E3C4B9 /* QRAudioBookPlayView.m */ = {isa = PBXFileReference; fileEncoding = 4; lastKnownFileType = sourcecode.c.objc; name = QRAudioBookPlayView.m; path = QRAudioEngine/UI/QRAudioBookPlayView.m; sourceTree = "<group>"; };
		A490D3701E0D13DE00E3C4B9 /* QRAudioTrack+Provider.h */ = {isa = PBXFileReference; fileEncoding = 4; lastKnownFileType = sourcecode.c.h; name = "QRAudioTrack+Provider.h"; path = "QRAudioEngine/QRAudioTrack+Provider.h"; sourceTree = "<group>"; };
		A490D3711E0D13DE00E3C4B9 /* QRAudioTrack+Provider.m */ = {isa = PBXFileReference; fileEncoding = 4; lastKnownFileType = sourcecode.c.objc; name = "QRAudioTrack+Provider.m"; path = "QRAudioEngine/QRAudioTrack+Provider.m"; sourceTree = "<group>"; };
		A4AE6DD11D655FDD0038E4A1 /* commonProj.app */ = {isa = PBXFileReference; explicitFileType = wrapper.application; includeInIndex = 0; path = commonProj.app; sourceTree = BUILT_PRODUCTS_DIR; };
		A4AE6DD51D655FDD0038E4A1 /* main.m */ = {isa = PBXFileReference; lastKnownFileType = sourcecode.c.objc; path = main.m; sourceTree = "<group>"; };
		A4AE6DD71D655FDD0038E4A1 /* AppDelegate.h */ = {isa = PBXFileReference; lastKnownFileType = sourcecode.c.h; path = AppDelegate.h; sourceTree = "<group>"; };
		A4AE6DD81D655FDD0038E4A1 /* AppDelegate.m */ = {isa = PBXFileReference; lastKnownFileType = sourcecode.c.objc; path = AppDelegate.m; sourceTree = "<group>"; };
		A4AE6DDA1D655FDD0038E4A1 /* ViewController.h */ = {isa = PBXFileReference; lastKnownFileType = sourcecode.c.h; path = ViewController.h; sourceTree = "<group>"; };
		A4AE6DDB1D655FDD0038E4A1 /* ViewController.m */ = {isa = PBXFileReference; lastKnownFileType = sourcecode.c.objc; path = ViewController.m; sourceTree = "<group>"; };
		A4AE6DDE1D655FDD0038E4A1 /* Base */ = {isa = PBXFileReference; lastKnownFileType = file.storyboard; name = Base; path = Base.lproj/Main.storyboard; sourceTree = "<group>"; };
		A4AE6DE01D655FDD0038E4A1 /* Assets.xcassets */ = {isa = PBXFileReference; lastKnownFileType = folder.assetcatalog; path = Assets.xcassets; sourceTree = "<group>"; };
		A4AE6DE31D655FDD0038E4A1 /* Base */ = {isa = PBXFileReference; lastKnownFileType = file.storyboard; name = Base; path = Base.lproj/LaunchScreen.storyboard; sourceTree = "<group>"; };
		A4AE6DE51D655FDD0038E4A1 /* Info.plist */ = {isa = PBXFileReference; lastKnownFileType = text.plist.xml; path = Info.plist; sourceTree = "<group>"; };
		A4AE6DEA1D655FDE0038E4A1 /* commonProjTests.xctest */ = {isa = PBXFileReference; explicitFileType = wrapper.cfbundle; includeInIndex = 0; path = commonProjTests.xctest; sourceTree = BUILT_PRODUCTS_DIR; };
		A4AE6DEE1D655FDE0038E4A1 /* commonProjTests.m */ = {isa = PBXFileReference; lastKnownFileType = sourcecode.c.objc; path = commonProjTests.m; sourceTree = "<group>"; };
		A4AE6DF01D655FDE0038E4A1 /* Info.plist */ = {isa = PBXFileReference; lastKnownFileType = text.plist.xml; path = Info.plist; sourceTree = "<group>"; };
		A4AE6DF51D655FDE0038E4A1 /* commonProjUITests.xctest */ = {isa = PBXFileReference; explicitFileType = wrapper.cfbundle; includeInIndex = 0; path = commonProjUITests.xctest; sourceTree = BUILT_PRODUCTS_DIR; };
		A4AE6DF91D655FDE0038E4A1 /* commonProjUITests.m */ = {isa = PBXFileReference; lastKnownFileType = sourcecode.c.objc; path = commonProjUITests.m; sourceTree = "<group>"; };
		A4AE6DFB1D655FDE0038E4A1 /* Info.plist */ = {isa = PBXFileReference; lastKnownFileType = text.plist.xml; path = Info.plist; sourceTree = "<group>"; };
		A4AE6E0D1D66ECDA0038E4A1 /* UITableView+CPAutoSizingCategory.h */ = {isa = PBXFileReference; fileEncoding = 4; lastKnownFileType = sourcecode.c.h; name = "UITableView+CPAutoSizingCategory.h"; path = "Category/UITableView+CPAutoSizingCategory.h"; sourceTree = "<group>"; };
		A4AE6E0E1D66ECDA0038E4A1 /* UITableView+CPAutoSizingCategory.m */ = {isa = PBXFileReference; fileEncoding = 4; lastKnownFileType = sourcecode.c.objc; name = "UITableView+CPAutoSizingCategory.m"; path = "Category/UITableView+CPAutoSizingCategory.m"; sourceTree = "<group>"; };
		A4AE6E101D66ED2B0038E4A1 /* UITableViewCell+CPAutoSizingCategory.h */ = {isa = PBXFileReference; fileEncoding = 4; lastKnownFileType = sourcecode.c.h; name = "UITableViewCell+CPAutoSizingCategory.h"; path = "Category/UITableViewCell+CPAutoSizingCategory.h"; sourceTree = "<group>"; };
		A4AE6E111D66ED2B0038E4A1 /* UITableViewCell+CPAutoSizingCategory.m */ = {isa = PBXFileReference; fileEncoding = 4; lastKnownFileType = sourcecode.c.objc; name = "UITableViewCell+CPAutoSizingCategory.m"; path = "Category/UITableViewCell+CPAutoSizingCategory.m"; sourceTree = "<group>"; };
		A4AE6E131D66FD880038E4A1 /* UIColor+CPSimpleColor.h */ = {isa = PBXFileReference; fileEncoding = 4; lastKnownFileType = sourcecode.c.h; name = "UIColor+CPSimpleColor.h"; path = "Category/UIColor+CPSimpleColor.h"; sourceTree = "<group>"; };
		A4AE6E141D66FD880038E4A1 /* UIColor+CPSimpleColor.m */ = {isa = PBXFileReference; fileEncoding = 4; lastKnownFileType = sourcecode.c.objc; name = "UIColor+CPSimpleColor.m"; path = "Category/UIColor+CPSimpleColor.m"; sourceTree = "<group>"; };
		A4CD48361F0CDCA200A880D6 /* Rc4Util.h */ = {isa = PBXFileReference; fileEncoding = 4; lastKnownFileType = sourcecode.c.h; path = Rc4Util.h; sourceTree = "<group>"; };
		A4CD48371F0CDCA200A880D6 /* Rc4Util.m */ = {isa = PBXFileReference; fileEncoding = 4; lastKnownFileType = sourcecode.c.objc; path = Rc4Util.m; sourceTree = "<group>"; };
		A4DDB3BE1F21E0980071CA31 /* CPThreadViewController.h */ = {isa = PBXFileReference; fileEncoding = 4; lastKnownFileType = sourcecode.c.h; name = CPThreadViewController.h; path = Thread/CPThreadViewController.h; sourceTree = "<group>"; };
		A4DDB3BF1F21E0980071CA31 /* CPThreadViewController.m */ = {isa = PBXFileReference; fileEncoding = 4; lastKnownFileType = sourcecode.c.objc; name = CPThreadViewController.m; path = Thread/CPThreadViewController.m; sourceTree = "<group>"; };
		A4DDB3C21F28A85C0071CA31 /* CPRuntimeViewController.h */ = {isa = PBXFileReference; fileEncoding = 4; lastKnownFileType = sourcecode.c.h; name = CPRuntimeViewController.h; path = Runtime/CPRuntimeViewController.h; sourceTree = "<group>"; };
		A4DDB3C31F28A85C0071CA31 /* CPRuntimeViewController.m */ = {isa = PBXFileReference; fileEncoding = 4; lastKnownFileType = sourcecode.c.objc; name = CPRuntimeViewController.m; path = Runtime/CPRuntimeViewController.m; sourceTree = "<group>"; };
		A4DDB3C61F29E1050071CA31 /* CPConsole.h */ = {isa = PBXFileReference; fileEncoding = 4; lastKnownFileType = sourcecode.c.h; name = CPConsole.h; path = CPKit/CPConsole.h; sourceTree = "<group>"; };
		A4DDB3C71F29E1050071CA31 /* CPConsole.m */ = {isa = PBXFileReference; fileEncoding = 4; lastKnownFileType = sourcecode.c.objc; name = CPConsole.m; path = CPKit/CPConsole.m; sourceTree = "<group>"; };
		A4DDB3D51F2F1CF70071CA31 /* CPViewController.h */ = {isa = PBXFileReference; fileEncoding = 4; lastKnownFileType = sourcecode.c.h; name = CPViewController.h; path = CPKit/CPViewController.h; sourceTree = "<group>"; };
		A4DDB3D61F2F1CF70071CA31 /* CPViewController.m */ = {isa = PBXFileReference; fileEncoding = 4; lastKnownFileType = sourcecode.c.objc; name = CPViewController.m; path = CPKit/CPViewController.m; sourceTree = "<group>"; };
		DC75B0E74DD1EEB56D75BA0D /* Pods-commonProj.release.xcconfig */ = {isa = PBXFileReference; includeInIndex = 1; lastKnownFileType = text.xcconfig; name = "Pods-commonProj.release.xcconfig"; path = "Pods/Target Support Files/Pods-commonProj/Pods-commonProj.release.xcconfig"; sourceTree = "<group>"; };
/* End PBXFileReference section */

/* Begin PBXFrameworksBuildPhase section */
		A4AE6DCE1D655FDD0038E4A1 /* Frameworks */ = {
			isa = PBXFrameworksBuildPhase;
			buildActionMask = 2147483647;
			files = (
				1F923326B6B5EBA6B466B526 /* libPods-commonProj.a in Frameworks */,
			);
			runOnlyForDeploymentPostprocessing = 0;
		};
		A4AE6DE71D655FDE0038E4A1 /* Frameworks */ = {
			isa = PBXFrameworksBuildPhase;
			buildActionMask = 2147483647;
			files = (
			);
			runOnlyForDeploymentPostprocessing = 0;
		};
		A4AE6DF21D655FDE0038E4A1 /* Frameworks */ = {
			isa = PBXFrameworksBuildPhase;
			buildActionMask = 2147483647;
			files = (
			);
			runOnlyForDeploymentPostprocessing = 0;
		};
/* End PBXFrameworksBuildPhase section */

/* Begin PBXGroup section */
		18DAF7401F43122C00692A1E /* CPMultiLabel */ = {
			isa = PBXGroup;
			children = (
				18DAF7471F431E1B00692A1E /* CPMultiLabelViewController.h */,
				18DAF7481F431E1B00692A1E /* CPMultiLabelViewController.m */,
				18DAF74A1F4321BF00692A1E /* CPMultiTextView.h */,
				18DAF74B1F4321BF00692A1E /* CPMultiTextView.m */,
				18DAF74D1F4329F500692A1E /* CPMultiTextCell.h */,
				18DAF74E1F4329F500692A1E /* CPMultiTextCell.m */,
			);
			name = CPMultiLabel;
			sourceTree = "<group>";
		};
		7436CEC6A20BDD8186CDDFF2 /* Pods */ = {
			isa = PBXGroup;
			children = (
				31D30CCE48ED42248E17F934 /* Pods-commonProj.debug.xcconfig */,
				DC75B0E74DD1EEB56D75BA0D /* Pods-commonProj.release.xcconfig */,
			);
			name = Pods;
			sourceTree = "<group>";
		};
		A419103C1D6C4DB7000BEAC0 /* Business */ = {
			isa = PBXGroup;
			children = (
				A4AE6DDA1D655FDD0038E4A1 /* ViewController.h */,
				A4AE6DDB1D655FDD0038E4A1 /* ViewController.m */,
				A419103E1D6C4E47000BEAC0 /* CPHomePageVC.h */,
				A419103F1D6C4E47000BEAC0 /* CPHomePageVC.m */,
			);
			name = Business;
			sourceTree = "<group>";
		};
		A45BF5C61D7539C600D292E0 /* AudioEngine */ = {
			isa = PBXGroup;
			children = (
				A45BF5E21D7562A900D292E0 /* PublicConfig.h */,
				A45BF5DF1D75622200D292E0 /* ReachabilityManager.h */,
				A45BF5E01D75622200D292E0 /* ReachabilityManager.m */,
				A45BF5D41D755B0200D292E0 /* AudioPlayer */,
				A45BF5CC1D755AF200D292E0 /* AudioCommonDefine.h */,
				A45BF5CD1D755AF200D292E0 /* AudioCommonUtil.h */,
				A45BF5CE1D755AF200D292E0 /* AudioEngineHelper.h */,
				A45BF5CF1D755AF200D292E0 /* AudioEngineHelper.m */,
				A45BF5D01D755AF200D292E0 /* QKAudioTrack.h */,
				A45BF5D11D755AF200D292E0 /* QKAudioTrack.m */,
				A45BF5E31D756C1800D292E0 /* CPAudioEngine.h */,
				A45BF5E41D756C1800D292E0 /* CPAudioEngine.m */,
			);
			name = AudioEngine;
			sourceTree = "<group>";
		};
		A45BF5D41D755B0200D292E0 /* AudioPlayer */ = {
			isa = PBXGroup;
			children = (
				A45BF5D51D755CA800D292E0 /* QKBaseAudioPlayer.h */,
				A45BF5D61D755CA800D292E0 /* QKBaseAudioPlayer.m */,
				A45BF5D71D755CA800D292E0 /* QKFileAudioPlayer.h */,
				A45BF5D81D755CA800D292E0 /* QKFileAudioPlayer.m */,
				A45BF5D91D755CA900D292E0 /* QKNetAudioPlayer.h */,
				A45BF5DA1D755CA900D292E0 /* QKNetAudioPlayer.m */,
				A45BF5DB1D755CA900D292E0 /* QKPlayerProtocol.h */,
				A48C7F381DB8704200ED6313 /* DDNetAudioPlayer.h */,
				A48C7F391DB8704200ED6313 /* DDNetAudioPlayer.m */,
			);
			name = AudioPlayer;
			sourceTree = "<group>";
		};
		A490D3061E0941F100E3C4B9 /* QRAudioEngine */ = {
			isa = PBXGroup;
			children = (
				A490D3691E0B7E7200E3C4B9 /* UI */,
				A490D30E1E0A2A0000E3C4B9 /* lib */,
				A490D3491E0A2EB300E3C4B9 /* QRAudioTrack.h */,
				A490D34A1E0A2EB300E3C4B9 /* QRAudioTrack.m */,
				A490D3701E0D13DE00E3C4B9 /* QRAudioTrack+Provider.h */,
				A490D3711E0D13DE00E3C4B9 /* QRAudioTrack+Provider.m */,
				A490D34C1E0A352F00E3C4B9 /* QRAudioBookEngine.h */,
				A490D34D1E0A352F00E3C4B9 /* QRAudioBookEngine.m */,
				A490D34F1E0A56C700E3C4B9 /* QRAudioBookProtocol.h */,
				A4CD48361F0CDCA200A880D6 /* Rc4Util.h */,
				A4CD48371F0CDCA200A880D6 /* Rc4Util.m */,
			);
			name = QRAudioEngine;
			sourceTree = "<group>";
		};
		A490D30E1E0A2A0000E3C4B9 /* lib */ = {
			isa = PBXGroup;
			children = (
				A490D30F1E0A2A1300E3C4B9 /* DOUAudioAnalyzer_Private.h */,
				A490D3101E0A2A1300E3C4B9 /* DOUAudioAnalyzer.h */,
				A490D3111E0A2A1300E3C4B9 /* DOUAudioAnalyzer.m */,
				A490D3121E0A2A1300E3C4B9 /* DOUAudioAnalyzer+Default.h */,
				A490D3131E0A2A1300E3C4B9 /* DOUAudioAnalyzer+Default.m */,
				A490D3141E0A2A1300E3C4B9 /* DOUAudioBase.h */,
				A490D3151E0A2A1300E3C4B9 /* DOUAudioDecoder.h */,
				A490D3161E0A2A1300E3C4B9 /* DOUAudioDecoder.m */,
				A490D3171E0A2A1300E3C4B9 /* DOUAudioEventLoop.h */,
				A490D3181E0A2A1300E3C4B9 /* DOUAudioEventLoop.m */,
				A490D3191E0A2A1300E3C4B9 /* DOUAudioFile.h */,
				A490D31A1E0A2A1300E3C4B9 /* DOUAudioFilePreprocessor.h */,
				A490D31B1E0A2A1300E3C4B9 /* DOUAudioFilePreprocessor.m */,
				A490D31C1E0A2A1300E3C4B9 /* DOUAudioFileProvider.h */,
				A490D31D1E0A2A1300E3C4B9 /* DOUAudioFileProvider.m */,
				A490D31E1E0A2A1300E3C4B9 /* DOUAudioFrequencyAnalyzer.h */,
				A490D31F1E0A2A1300E3C4B9 /* DOUAudioFrequencyAnalyzer.m */,
				A490D3201E0A2A1300E3C4B9 /* DOUAudioLPCM.h */,
				A490D3211E0A2A1300E3C4B9 /* DOUAudioLPCM.m */,
				A490D3221E0A2A1300E3C4B9 /* DOUAudioPlaybackItem.h */,
				A490D3231E0A2A1300E3C4B9 /* DOUAudioPlaybackItem.m */,
				A490D3241E0A2A1300E3C4B9 /* DOUAudioRenderer.h */,
				A490D3251E0A2A1300E3C4B9 /* DOUAudioRenderer.m */,
				A490D3261E0A2A1300E3C4B9 /* DOUAudioSpatialAnalyzer.h */,
				A490D3271E0A2A1300E3C4B9 /* DOUAudioSpatialAnalyzer.m */,
				A490D3281E0A2A1300E3C4B9 /* DOUAudioStreamer_Private.h */,
				A490D3291E0A2A1300E3C4B9 /* DOUAudioStreamer.h */,
				A490D32A1E0A2A1300E3C4B9 /* DOUAudioStreamer.m */,
				A490D32B1E0A2A1300E3C4B9 /* DOUAudioStreamer+Options.h */,
				A490D32C1E0A2A1300E3C4B9 /* DOUAudioStreamer+Options.m */,
				A490D32D1E0A2A1300E3C4B9 /* DOUAudioVisualizer.h */,
				A490D32E1E0A2A1300E3C4B9 /* DOUAudioVisualizer.m */,
				A490D32F1E0A2A1300E3C4B9 /* DOUEAGLView.h */,
				A490D3301E0A2A1300E3C4B9 /* DOUEAGLView.m */,
				A490D3311E0A2A1300E3C4B9 /* DOUMPMediaLibraryAssetLoader.h */,
				A490D3321E0A2A1300E3C4B9 /* DOUMPMediaLibraryAssetLoader.m */,
				A490D3331E0A2A1300E3C4B9 /* DOUSimpleHTTPRequest.h */,
				A490D3341E0A2A1300E3C4B9 /* DOUSimpleHTTPRequest.m */,
				A490D3351E0A2A1300E3C4B9 /* NSData+DOUMappedFile.h */,
				A490D3361E0A2A1300E3C4B9 /* NSData+DOUMappedFile.m */,
			);
			name = lib;
			sourceTree = "<group>";
		};
		A490D3691E0B7E7200E3C4B9 /* UI */ = {
			isa = PBXGroup;
			children = (
				A490D36A1E0CCBE300E3C4B9 /* QRAudioBookPlayVC.h */,
				A490D36B1E0CCBE300E3C4B9 /* QRAudioBookPlayVC.m */,
				A490D36D1E0CD12300E3C4B9 /* QRAudioBookPlayView.h */,
				A490D36E1E0CD12300E3C4B9 /* QRAudioBookPlayView.m */,
			);
			name = UI;
			sourceTree = "<group>";
		};
		A4AE6DC81D655FDD0038E4A1 = {
			isa = PBXGroup;
			children = (
				A4AE6DD31D655FDD0038E4A1 /* commonProj */,
				A4AE6DED1D655FDE0038E4A1 /* commonProjTests */,
				A4AE6DF81D655FDE0038E4A1 /* commonProjUITests */,
				A4AE6DD21D655FDD0038E4A1 /* Products */,
				7436CEC6A20BDD8186CDDFF2 /* Pods */,
				B68A170BBC34D454BF9F2A77 /* Frameworks */,
			);
			sourceTree = "<group>";
		};
		A4AE6DD21D655FDD0038E4A1 /* Products */ = {
			isa = PBXGroup;
			children = (
				A4AE6DD11D655FDD0038E4A1 /* commonProj.app */,
				A4AE6DEA1D655FDE0038E4A1 /* commonProjTests.xctest */,
				A4AE6DF51D655FDE0038E4A1 /* commonProjUITests.xctest */,
			);
			name = Products;
			sourceTree = "<group>";
		};
		A4AE6DD31D655FDD0038E4A1 /* commonProj */ = {
			isa = PBXGroup;
			children = (
				18DAF7401F43122C00692A1E /* CPMultiLabel */,
				A4DDB3C51F29E04A0071CA31 /* CPKit */,
				A4DDB3C11F28A81F0071CA31 /* Runtime */,
				A4DDB3BD1F21E0680071CA31 /* Thread */,
				A490D3061E0941F100E3C4B9 /* QRAudioEngine */,
				A45BF5C61D7539C600D292E0 /* AudioEngine */,
				A419103C1D6C4DB7000BEAC0 /* Business */,
				A4AE6E0C1D66EC750038E4A1 /* Category */,
				A4AE6DD71D655FDD0038E4A1 /* AppDelegate.h */,
				A4AE6DD81D655FDD0038E4A1 /* AppDelegate.m */,
				A4AE6DD41D655FDD0038E4A1 /* Supporting Files */,
			);
			path = commonProj;
			sourceTree = "<group>";
		};
		A4AE6DD41D655FDD0038E4A1 /* Supporting Files */ = {
			isa = PBXGroup;
			children = (
				A4AE6DDD1D655FDD0038E4A1 /* Main.storyboard */,
				A4AE6DE21D655FDD0038E4A1 /* LaunchScreen.storyboard */,
				A4AE6DE01D655FDD0038E4A1 /* Assets.xcassets */,
				A4AE6DD51D655FDD0038E4A1 /* main.m */,
				A4AE6DE51D655FDD0038E4A1 /* Info.plist */,
				A41910441D6C501C000BEAC0 /* commonProj-Prefix.pch */,
			);
			name = "Supporting Files";
			sourceTree = "<group>";
		};
		A4AE6DED1D655FDE0038E4A1 /* commonProjTests */ = {
			isa = PBXGroup;
			children = (
				A4AE6DEE1D655FDE0038E4A1 /* commonProjTests.m */,
				A4AE6DF01D655FDE0038E4A1 /* Info.plist */,
			);
			path = commonProjTests;
			sourceTree = "<group>";
		};
		A4AE6DF81D655FDE0038E4A1 /* commonProjUITests */ = {
			isa = PBXGroup;
			children = (
				A4AE6DF91D655FDE0038E4A1 /* commonProjUITests.m */,
				A4AE6DFB1D655FDE0038E4A1 /* Info.plist */,
			);
			path = commonProjUITests;
			sourceTree = "<group>";
		};
		A4AE6E0C1D66EC750038E4A1 /* Category */ = {
			isa = PBXGroup;
			children = (
				A4AE6E0D1D66ECDA0038E4A1 /* UITableView+CPAutoSizingCategory.h */,
				A4AE6E0E1D66ECDA0038E4A1 /* UITableView+CPAutoSizingCategory.m */,
				A4AE6E101D66ED2B0038E4A1 /* UITableViewCell+CPAutoSizingCategory.h */,
				A4AE6E111D66ED2B0038E4A1 /* UITableViewCell+CPAutoSizingCategory.m */,
				A4AE6E131D66FD880038E4A1 /* UIColor+CPSimpleColor.h */,
				A4AE6E141D66FD880038E4A1 /* UIColor+CPSimpleColor.m */,
				A419102B1D6AE092000BEAC0 /* NSArray+CPArrayCategory.h */,
				A419102C1D6AE092000BEAC0 /* NSArray+CPArrayCategory.m */,
				A419102E1D6AE0BD000BEAC0 /* NSDictionary+CPDictionaryCategory.h */,
				A419102F1D6AE0BD000BEAC0 /* NSDictionary+CPDictionaryCategory.m */,
				A41910311D6AE1BA000BEAC0 /* UIView+CPFrame.h */,
				A41910321D6AE1BA000BEAC0 /* UIView+CPFrame.m */,
				A41910341D6AEDB4000BEAC0 /* NSDate+CPDateFormatter.h */,
				A41910351D6AEDB4000BEAC0 /* NSDate+CPDateFormatter.m */,
			);
			name = Category;
			sourceTree = "<group>";
		};
		A4DDB3BD1F21E0680071CA31 /* Thread */ = {
			isa = PBXGroup;
			children = (
				A4DDB3BE1F21E0980071CA31 /* CPThreadViewController.h */,
				A4DDB3BF1F21E0980071CA31 /* CPThreadViewController.m */,
			);
			name = Thread;
			sourceTree = "<group>";
		};
		A4DDB3C11F28A81F0071CA31 /* Runtime */ = {
			isa = PBXGroup;
			children = (
				A4DDB3C21F28A85C0071CA31 /* CPRuntimeViewController.h */,
				A4DDB3C31F28A85C0071CA31 /* CPRuntimeViewController.m */,
			);
			name = Runtime;
			sourceTree = "<group>";
		};
		A4DDB3C51F29E04A0071CA31 /* CPKit */ = {
			isa = PBXGroup;
			children = (
				A4DDB3C61F29E1050071CA31 /* CPConsole.h */,
				A4DDB3C71F29E1050071CA31 /* CPConsole.m */,
				A4DDB3D51F2F1CF70071CA31 /* CPViewController.h */,
				A4DDB3D61F2F1CF70071CA31 /* CPViewController.m */,
				18DAF7411F4316BA00692A1E /* UILabel+CPFitLines.h */,
				18DAF7421F4316BA00692A1E /* UILabel+CPFitLines.m */,
				18DAF7441F431C4A00692A1E /* NSString+CPSize.h */,
				18DAF7451F431C4A00692A1E /* NSString+CPSize.m */,
			);
			name = CPKit;
			sourceTree = "<group>";
		};
		B68A170BBC34D454BF9F2A77 /* Frameworks */ = {
			isa = PBXGroup;
			children = (
				772FE16F9DDA9CA1099D93A5 /* libPods-commonProj.a */,
			);
			name = Frameworks;
			sourceTree = "<group>";
		};
/* End PBXGroup section */

/* Begin PBXNativeTarget section */
		A4AE6DD01D655FDD0038E4A1 /* commonProj */ = {
			isa = PBXNativeTarget;
			buildConfigurationList = A4AE6DFE1D655FDE0038E4A1 /* Build configuration list for PBXNativeTarget "commonProj" */;
			buildPhases = (
				1AE6A47DD2C341B653755397 /* [CP] Check Pods Manifest.lock */,
				A4AE6DCD1D655FDD0038E4A1 /* Sources */,
				A4AE6DCE1D655FDD0038E4A1 /* Frameworks */,
				A4AE6DCF1D655FDD0038E4A1 /* Resources */,
				7A2A27128107CE1918D6586E /* [CP] Embed Pods Frameworks */,
				99F4B546768B2F640EF8A290 /* [CP] Copy Pods Resources */,
			);
			buildRules = (
			);
			dependencies = (
			);
			name = commonProj;
			productName = commonProj;
			productReference = A4AE6DD11D655FDD0038E4A1 /* commonProj.app */;
			productType = "com.apple.product-type.application";
		};
		A4AE6DE91D655FDE0038E4A1 /* commonProjTests */ = {
			isa = PBXNativeTarget;
			buildConfigurationList = A4AE6E011D655FDE0038E4A1 /* Build configuration list for PBXNativeTarget "commonProjTests" */;
			buildPhases = (
				A4AE6DE61D655FDE0038E4A1 /* Sources */,
				A4AE6DE71D655FDE0038E4A1 /* Frameworks */,
				A4AE6DE81D655FDE0038E4A1 /* Resources */,
			);
			buildRules = (
			);
			dependencies = (
				A4AE6DEC1D655FDE0038E4A1 /* PBXTargetDependency */,
			);
			name = commonProjTests;
			productName = commonProjTests;
			productReference = A4AE6DEA1D655FDE0038E4A1 /* commonProjTests.xctest */;
			productType = "com.apple.product-type.bundle.unit-test";
		};
		A4AE6DF41D655FDE0038E4A1 /* commonProjUITests */ = {
			isa = PBXNativeTarget;
			buildConfigurationList = A4AE6E041D655FDE0038E4A1 /* Build configuration list for PBXNativeTarget "commonProjUITests" */;
			buildPhases = (
				A4AE6DF11D655FDE0038E4A1 /* Sources */,
				A4AE6DF21D655FDE0038E4A1 /* Frameworks */,
				A4AE6DF31D655FDE0038E4A1 /* Resources */,
			);
			buildRules = (
			);
			dependencies = (
				A4AE6DF71D655FDE0038E4A1 /* PBXTargetDependency */,
			);
			name = commonProjUITests;
			productName = commonProjUITests;
			productReference = A4AE6DF51D655FDE0038E4A1 /* commonProjUITests.xctest */;
			productType = "com.apple.product-type.bundle.ui-testing";
		};
/* End PBXNativeTarget section */

/* Begin PBXProject section */
		A4AE6DC91D655FDD0038E4A1 /* Project object */ = {
			isa = PBXProject;
			attributes = {
				LastUpgradeCheck = 0730;
				ORGANIZATIONNAME = dongchx;
				TargetAttributes = {
					A4AE6DD01D655FDD0038E4A1 = {
						CreatedOnToolsVersion = 7.3.1;
						ProvisioningStyle = Manual;
						SystemCapabilities = {
							com.apple.BackgroundModes = {
								enabled = 1;
							};
						};
					};
					A4AE6DE91D655FDE0038E4A1 = {
						CreatedOnToolsVersion = 7.3.1;
						TestTargetID = A4AE6DD01D655FDD0038E4A1;
					};
					A4AE6DF41D655FDE0038E4A1 = {
						CreatedOnToolsVersion = 7.3.1;
						TestTargetID = A4AE6DD01D655FDD0038E4A1;
					};
				};
			};
			buildConfigurationList = A4AE6DCC1D655FDD0038E4A1 /* Build configuration list for PBXProject "commonProj" */;
			compatibilityVersion = "Xcode 3.2";
			developmentRegion = English;
			hasScannedForEncodings = 0;
			knownRegions = (
				en,
				Base,
			);
			mainGroup = A4AE6DC81D655FDD0038E4A1;
			productRefGroup = A4AE6DD21D655FDD0038E4A1 /* Products */;
			projectDirPath = "";
			projectRoot = "";
			targets = (
				A4AE6DD01D655FDD0038E4A1 /* commonProj */,
				A4AE6DE91D655FDE0038E4A1 /* commonProjTests */,
				A4AE6DF41D655FDE0038E4A1 /* commonProjUITests */,
			);
		};
/* End PBXProject section */

/* Begin PBXResourcesBuildPhase section */
		A4AE6DCF1D655FDD0038E4A1 /* Resources */ = {
			isa = PBXResourcesBuildPhase;
			buildActionMask = 2147483647;
			files = (
				A4AE6DE41D655FDD0038E4A1 /* LaunchScreen.storyboard in Resources */,
				A4AE6DE11D655FDD0038E4A1 /* Assets.xcassets in Resources */,
				A4AE6DDF1D655FDD0038E4A1 /* Main.storyboard in Resources */,
			);
			runOnlyForDeploymentPostprocessing = 0;
		};
		A4AE6DE81D655FDE0038E4A1 /* Resources */ = {
			isa = PBXResourcesBuildPhase;
			buildActionMask = 2147483647;
			files = (
			);
			runOnlyForDeploymentPostprocessing = 0;
		};
		A4AE6DF31D655FDE0038E4A1 /* Resources */ = {
			isa = PBXResourcesBuildPhase;
			buildActionMask = 2147483647;
			files = (
			);
			runOnlyForDeploymentPostprocessing = 0;
		};
/* End PBXResourcesBuildPhase section */

/* Begin PBXShellScriptBuildPhase section */
		1AE6A47DD2C341B653755397 /* [CP] Check Pods Manifest.lock */ = {
			isa = PBXShellScriptBuildPhase;
			buildActionMask = 2147483647;
			files = (
			);
			inputPaths = (
			);
			name = "[CP] Check Pods Manifest.lock";
			outputPaths = (
			);
			runOnlyForDeploymentPostprocessing = 0;
			shellPath = /bin/sh;
			shellScript = "diff \"${PODS_ROOT}/../Podfile.lock\" \"${PODS_ROOT}/Manifest.lock\" > /dev/null\nif [[ $? != 0 ]] ; then\n    cat << EOM\nerror: The sandbox is not in sync with the Podfile.lock. Run 'pod install' or update your CocoaPods installation.\nEOM\n    exit 1\nfi\n";
			showEnvVarsInLog = 0;
		};
		7A2A27128107CE1918D6586E /* [CP] Embed Pods Frameworks */ = {
			isa = PBXShellScriptBuildPhase;
			buildActionMask = 2147483647;
			files = (
			);
			inputPaths = (
			);
			name = "[CP] Embed Pods Frameworks";
			outputPaths = (
			);
			runOnlyForDeploymentPostprocessing = 0;
			shellPath = /bin/sh;
			shellScript = "\"${SRCROOT}/Pods/Target Support Files/Pods-commonProj/Pods-commonProj-frameworks.sh\"\n";
			showEnvVarsInLog = 0;
		};
		99F4B546768B2F640EF8A290 /* [CP] Copy Pods Resources */ = {
			isa = PBXShellScriptBuildPhase;
			buildActionMask = 2147483647;
			files = (
			);
			inputPaths = (
			);
			name = "[CP] Copy Pods Resources";
			outputPaths = (
			);
			runOnlyForDeploymentPostprocessing = 0;
			shellPath = /bin/sh;
			shellScript = "\"${SRCROOT}/Pods/Target Support Files/Pods-commonProj/Pods-commonProj-resources.sh\"\n";
			showEnvVarsInLog = 0;
		};
/* End PBXShellScriptBuildPhase section */

/* Begin PBXSourcesBuildPhase section */
		A4AE6DCD1D655FDD0038E4A1 /* Sources */ = {
			isa = PBXSourcesBuildPhase;
			buildActionMask = 2147483647;
			files = (
				A45BF5D31D755AF200D292E0 /* QKAudioTrack.m in Sources */,
				A45BF5DC1D755CA900D292E0 /* QKBaseAudioPlayer.m in Sources */,
				A490D3411E0A2A1300E3C4B9 /* DOUAudioSpatialAnalyzer.m in Sources */,
				A490D3431E0A2A1300E3C4B9 /* DOUAudioStreamer+Options.m in Sources */,
				A490D33B1E0A2A1300E3C4B9 /* DOUAudioFilePreprocessor.m in Sources */,
				A4CD48381F0CDCA200A880D6 /* Rc4Util.m in Sources */,
				A490D36C1E0CCBE300E3C4B9 /* QRAudioBookPlayVC.m in Sources */,
				A45BF5D21D755AF200D292E0 /* AudioEngineHelper.m in Sources */,
				A490D3381E0A2A1300E3C4B9 /* DOUAudioAnalyzer+Default.m in Sources */,
				A48C7F3A1DB8704200ED6313 /* DDNetAudioPlayer.m in Sources */,
				A4AE6E121D66ED2B0038E4A1 /* UITableViewCell+CPAutoSizingCategory.m in Sources */,
				A490D3461E0A2A1300E3C4B9 /* DOUMPMediaLibraryAssetLoader.m in Sources */,
				A490D33E1E0A2A1300E3C4B9 /* DOUAudioLPCM.m in Sources */,
				A490D33A1E0A2A1300E3C4B9 /* DOUAudioEventLoop.m in Sources */,
				A4AE6DDC1D655FDD0038E4A1 /* ViewController.m in Sources */,
				A4AE6DD91D655FDD0038E4A1 /* AppDelegate.m in Sources */,
				A4AE6DD61D655FDD0038E4A1 /* main.m in Sources */,
				A45BF5DE1D755CA900D292E0 /* QKNetAudioPlayer.m in Sources */,
				A490D3451E0A2A1300E3C4B9 /* DOUEAGLView.m in Sources */,
				18DAF74F1F4329F500692A1E /* CPMultiTextCell.m in Sources */,
				A45BF5E51D756C1800D292E0 /* CPAudioEngine.m in Sources */,
				A41910361D6AEDB4000BEAC0 /* NSDate+CPDateFormatter.m in Sources */,
				A4AE6E151D66FD880038E4A1 /* UIColor+CPSimpleColor.m in Sources */,
				A45BF5DD1D755CA900D292E0 /* QKFileAudioPlayer.m in Sources */,
				A4DDB3D71F2F1CF70071CA31 /* CPViewController.m in Sources */,
				A4AE6E0F1D66ECDA0038E4A1 /* UITableView+CPAutoSizingCategory.m in Sources */,
				18DAF7431F4316BA00692A1E /* UILabel+CPFitLines.m in Sources */,
				A45BF5E11D75622200D292E0 /* ReachabilityManager.m in Sources */,
				A490D3481E0A2A1300E3C4B9 /* NSData+DOUMappedFile.m in Sources */,
				A41910401D6C4E47000BEAC0 /* CPHomePageVC.m in Sources */,
				A490D3401E0A2A1300E3C4B9 /* DOUAudioRenderer.m in Sources */,
				A490D33D1E0A2A1300E3C4B9 /* DOUAudioFrequencyAnalyzer.m in Sources */,
				A4DDB3C01F21E0980071CA31 /* CPThreadViewController.m in Sources */,
				A4DDB3C81F29E1050071CA31 /* CPConsole.m in Sources */,
				A490D33C1E0A2A1300E3C4B9 /* DOUAudioFileProvider.m in Sources */,
				A4DDB3C41F28A85C0071CA31 /* CPRuntimeViewController.m in Sources */,
				A419102D1D6AE092000BEAC0 /* NSArray+CPArrayCategory.m in Sources */,
				18DAF74C1F4321BF00692A1E /* CPMultiTextView.m in Sources */,
				A490D3471E0A2A1300E3C4B9 /* DOUSimpleHTTPRequest.m in Sources */,
				A490D3391E0A2A1300E3C4B9 /* DOUAudioDecoder.m in Sources */,
				A490D3441E0A2A1300E3C4B9 /* DOUAudioVisualizer.m in Sources */,
				A490D3421E0A2A1300E3C4B9 /* DOUAudioStreamer.m in Sources */,
				A490D34E1E0A352F00E3C4B9 /* QRAudioBookEngine.m in Sources */,
				A490D34B1E0A2EB300E3C4B9 /* QRAudioTrack.m in Sources */,
				A41910301D6AE0BD000BEAC0 /* NSDictionary+CPDictionaryCategory.m in Sources */,
				18DAF7461F431C4A00692A1E /* NSString+CPSize.m in Sources */,
				A41910331D6AE1BA000BEAC0 /* UIView+CPFrame.m in Sources */,
				A490D36F1E0CD12300E3C4B9 /* QRAudioBookPlayView.m in Sources */,
				18DAF7491F431E1B00692A1E /* CPMultiLabelViewController.m in Sources */,
				A490D3371E0A2A1300E3C4B9 /* DOUAudioAnalyzer.m in Sources */,
				A490D3721E0D13DE00E3C4B9 /* QRAudioTrack+Provider.m in Sources */,
				A490D33F1E0A2A1300E3C4B9 /* DOUAudioPlaybackItem.m in Sources */,
			);
			runOnlyForDeploymentPostprocessing = 0;
		};
		A4AE6DE61D655FDE0038E4A1 /* Sources */ = {
			isa = PBXSourcesBuildPhase;
			buildActionMask = 2147483647;
			files = (
				A4AE6DEF1D655FDE0038E4A1 /* commonProjTests.m in Sources */,
			);
			runOnlyForDeploymentPostprocessing = 0;
		};
		A4AE6DF11D655FDE0038E4A1 /* Sources */ = {
			isa = PBXSourcesBuildPhase;
			buildActionMask = 2147483647;
			files = (
				A4AE6DFA1D655FDE0038E4A1 /* commonProjUITests.m in Sources */,
			);
			runOnlyForDeploymentPostprocessing = 0;
		};
/* End PBXSourcesBuildPhase section */

/* Begin PBXTargetDependency section */
		A4AE6DEC1D655FDE0038E4A1 /* PBXTargetDependency */ = {
			isa = PBXTargetDependency;
			target = A4AE6DD01D655FDD0038E4A1 /* commonProj */;
			targetProxy = A4AE6DEB1D655FDE0038E4A1 /* PBXContainerItemProxy */;
		};
		A4AE6DF71D655FDE0038E4A1 /* PBXTargetDependency */ = {
			isa = PBXTargetDependency;
			target = A4AE6DD01D655FDD0038E4A1 /* commonProj */;
			targetProxy = A4AE6DF61D655FDE0038E4A1 /* PBXContainerItemProxy */;
		};
/* End PBXTargetDependency section */

/* Begin PBXVariantGroup section */
		A4AE6DDD1D655FDD0038E4A1 /* Main.storyboard */ = {
			isa = PBXVariantGroup;
			children = (
				A4AE6DDE1D655FDD0038E4A1 /* Base */,
			);
			name = Main.storyboard;
			sourceTree = "<group>";
		};
		A4AE6DE21D655FDD0038E4A1 /* LaunchScreen.storyboard */ = {
			isa = PBXVariantGroup;
			children = (
				A4AE6DE31D655FDD0038E4A1 /* Base */,
			);
			name = LaunchScreen.storyboard;
			sourceTree = "<group>";
		};
/* End PBXVariantGroup section */

/* Begin XCBuildConfiguration section */
		A4AE6DFC1D655FDE0038E4A1 /* Debug */ = {
			isa = XCBuildConfiguration;
			buildSettings = {
				ALWAYS_SEARCH_USER_PATHS = NO;
				CLANG_ANALYZER_NONNULL = YES;
				CLANG_CXX_LANGUAGE_STANDARD = "gnu++0x";
				CLANG_CXX_LIBRARY = "libc++";
				CLANG_ENABLE_MODULES = YES;
				CLANG_ENABLE_OBJC_ARC = YES;
				CLANG_WARN_BOOL_CONVERSION = YES;
				CLANG_WARN_CONSTANT_CONVERSION = YES;
				CLANG_WARN_DIRECT_OBJC_ISA_USAGE = YES_ERROR;
				CLANG_WARN_EMPTY_BODY = YES;
				CLANG_WARN_ENUM_CONVERSION = YES;
				CLANG_WARN_INT_CONVERSION = YES;
				CLANG_WARN_OBJC_ROOT_CLASS = YES_ERROR;
				CLANG_WARN_UNREACHABLE_CODE = YES;
				CLANG_WARN__DUPLICATE_METHOD_MATCH = YES;
				"CODE_SIGN_IDENTITY[sdk=iphoneos*]" = "iPhone Developer: QQ Readrer (2Z92FJ4737)";
				COPY_PHASE_STRIP = NO;
				DEBUG_INFORMATION_FORMAT = dwarf;
				ENABLE_STRICT_OBJC_MSGSEND = YES;
				ENABLE_TESTABILITY = YES;
				GCC_C_LANGUAGE_STANDARD = gnu99;
				GCC_DYNAMIC_NO_PIC = NO;
				GCC_NO_COMMON_BLOCKS = YES;
				GCC_OPTIMIZATION_LEVEL = 0;
				GCC_PRECOMPILE_PREFIX_HEADER = YES;
				GCC_PREFIX_HEADER = "commonProj/commonProj-Prefix.pch";
				GCC_PREPROCESSOR_DEFINITIONS = (
					"DEBUG=1",
					"$(inherited)",
				);
				GCC_WARN_64_TO_32_BIT_CONVERSION = YES;
				GCC_WARN_ABOUT_RETURN_TYPE = YES_ERROR;
				GCC_WARN_UNDECLARED_SELECTOR = YES;
				GCC_WARN_UNINITIALIZED_AUTOS = YES_AGGRESSIVE;
				GCC_WARN_UNUSED_FUNCTION = YES;
				GCC_WARN_UNUSED_VARIABLE = YES;
				IPHONEOS_DEPLOYMENT_TARGET = 8.0;
				MTL_ENABLE_DEBUG_INFO = YES;
				ONLY_ACTIVE_ARCH = YES;
				SDKROOT = iphoneos;
				TARGETED_DEVICE_FAMILY = "1,2";
			};
			name = Debug;
		};
		A4AE6DFD1D655FDE0038E4A1 /* Release */ = {
			isa = XCBuildConfiguration;
			buildSettings = {
				ALWAYS_SEARCH_USER_PATHS = NO;
				CLANG_ANALYZER_NONNULL = YES;
				CLANG_CXX_LANGUAGE_STANDARD = "gnu++0x";
				CLANG_CXX_LIBRARY = "libc++";
				CLANG_ENABLE_MODULES = YES;
				CLANG_ENABLE_OBJC_ARC = YES;
				CLANG_WARN_BOOL_CONVERSION = YES;
				CLANG_WARN_CONSTANT_CONVERSION = YES;
				CLANG_WARN_DIRECT_OBJC_ISA_USAGE = YES_ERROR;
				CLANG_WARN_EMPTY_BODY = YES;
				CLANG_WARN_ENUM_CONVERSION = YES;
				CLANG_WARN_INT_CONVERSION = YES;
				CLANG_WARN_OBJC_ROOT_CLASS = YES_ERROR;
				CLANG_WARN_UNREACHABLE_CODE = YES;
				CLANG_WARN__DUPLICATE_METHOD_MATCH = YES;
				"CODE_SIGN_IDENTITY[sdk=iphoneos*]" = "";
				COPY_PHASE_STRIP = NO;
				DEBUG_INFORMATION_FORMAT = "dwarf-with-dsym";
				ENABLE_NS_ASSERTIONS = NO;
				ENABLE_STRICT_OBJC_MSGSEND = YES;
				GCC_C_LANGUAGE_STANDARD = gnu99;
				GCC_NO_COMMON_BLOCKS = YES;
				GCC_PRECOMPILE_PREFIX_HEADER = YES;
				GCC_PREFIX_HEADER = "commonProj/commonProj-Prefix.pch";
				GCC_WARN_64_TO_32_BIT_CONVERSION = YES;
				GCC_WARN_ABOUT_RETURN_TYPE = YES_ERROR;
				GCC_WARN_UNDECLARED_SELECTOR = YES;
				GCC_WARN_UNINITIALIZED_AUTOS = YES_AGGRESSIVE;
				GCC_WARN_UNUSED_FUNCTION = YES;
				GCC_WARN_UNUSED_VARIABLE = YES;
				IPHONEOS_DEPLOYMENT_TARGET = 8.0;
				MTL_ENABLE_DEBUG_INFO = NO;
				SDKROOT = iphoneos;
				TARGETED_DEVICE_FAMILY = "1,2";
				VALIDATE_PRODUCT = YES;
			};
			name = Release;
		};
		A4AE6DFF1D655FDE0038E4A1 /* Debug */ = {
			isa = XCBuildConfiguration;
			baseConfigurationReference = 31D30CCE48ED42248E17F934 /* Pods-commonProj.debug.xcconfig */;
			buildSettings = {
				ASSETCATALOG_COMPILER_APPICON_NAME = AppIcon;
				CODE_SIGN_IDENTITY = "iPhone Developer: QQ Readrer (2Z92FJ4737)";
				"CODE_SIGN_IDENTITY[sdk=iphoneos*]" = "iPhone Developer: QQ Readrer (2Z92FJ4737)";
				DEVELOPMENT_TEAM = "";
				INFOPLIST_FILE = commonProj/Info.plist;
				LD_RUNPATH_SEARCH_PATHS = "$(inherited) @executable_path/Frameworks";
				PRODUCT_BUNDLE_IDENTIFIER = com.QQReader.dongchx.commonProj;
				PRODUCT_NAME = "$(TARGET_NAME)";
				PROVISIONING_PROFILE_SPECIFIER = UniversalDev;
			};
			name = Debug;
		};
		A4AE6E001D655FDE0038E4A1 /* Release */ = {
			isa = XCBuildConfiguration;
			baseConfigurationReference = DC75B0E74DD1EEB56D75BA0D /* Pods-commonProj.release.xcconfig */;
			buildSettings = {
				ASSETCATALOG_COMPILER_APPICON_NAME = AppIcon;
				"CODE_SIGN_IDENTITY[sdk=iphoneos*]" = "";
				DEVELOPMENT_TEAM = "";
				INFOPLIST_FILE = commonProj/Info.plist;
				LD_RUNPATH_SEARCH_PATHS = "$(inherited) @executable_path/Frameworks";
				PRODUCT_BUNDLE_IDENTIFIER = com.QQReader.dongchx.commonProj;
				PRODUCT_NAME = "$(TARGET_NAME)";
			};
			name = Release;
		};
		A4AE6E021D655FDE0038E4A1 /* Debug */ = {
			isa = XCBuildConfiguration;
			buildSettings = {
				BUNDLE_LOADER = "$(TEST_HOST)";
				INFOPLIST_FILE = commonProjTests/Info.plist;
				LD_RUNPATH_SEARCH_PATHS = "$(inherited) @executable_path/Frameworks @loader_path/Frameworks";
				PRODUCT_BUNDLE_IDENTIFIER = com.QQReader.dongchx.commonProjTests;
				PRODUCT_NAME = "$(TARGET_NAME)";
				TEST_HOST = "$(BUILT_PRODUCTS_DIR)/commonProj.app/commonProj";
			};
			name = Debug;
		};
		A4AE6E031D655FDE0038E4A1 /* Release */ = {
			isa = XCBuildConfiguration;
			buildSettings = {
				BUNDLE_LOADER = "$(TEST_HOST)";
				INFOPLIST_FILE = commonProjTests/Info.plist;
				LD_RUNPATH_SEARCH_PATHS = "$(inherited) @executable_path/Frameworks @loader_path/Frameworks";
				PRODUCT_BUNDLE_IDENTIFIER = com.QQReader.dongchx.commonProjTests;
				PRODUCT_NAME = "$(TARGET_NAME)";
				TEST_HOST = "$(BUILT_PRODUCTS_DIR)/commonProj.app/commonProj";
			};
			name = Release;
		};
		A4AE6E051D655FDE0038E4A1 /* Debug */ = {
			isa = XCBuildConfiguration;
			buildSettings = {
				INFOPLIST_FILE = commonProjUITests/Info.plist;
				LD_RUNPATH_SEARCH_PATHS = "$(inherited) @executable_path/Frameworks @loader_path/Frameworks";
				PRODUCT_BUNDLE_IDENTIFIER = com.QQReader.dongchx.commonProjUITests;
				PRODUCT_NAME = "$(TARGET_NAME)";
				TEST_TARGET_NAME = commonProj;
			};
			name = Debug;
		};
		A4AE6E061D655FDE0038E4A1 /* Release */ = {
			isa = XCBuildConfiguration;
			buildSettings = {
				INFOPLIST_FILE = commonProjUITests/Info.plist;
				LD_RUNPATH_SEARCH_PATHS = "$(inherited) @executable_path/Frameworks @loader_path/Frameworks";
				PRODUCT_BUNDLE_IDENTIFIER = com.QQReader.dongchx.commonProjUITests;
				PRODUCT_NAME = "$(TARGET_NAME)";
				TEST_TARGET_NAME = commonProj;
			};
			name = Release;
		};
/* End XCBuildConfiguration section */

/* Begin XCConfigurationList section */
		A4AE6DCC1D655FDD0038E4A1 /* Build configuration list for PBXProject "commonProj" */ = {
			isa = XCConfigurationList;
			buildConfigurations = (
				A4AE6DFC1D655FDE0038E4A1 /* Debug */,
				A4AE6DFD1D655FDE0038E4A1 /* Release */,
			);
			defaultConfigurationIsVisible = 0;
			defaultConfigurationName = Release;
		};
		A4AE6DFE1D655FDE0038E4A1 /* Build configuration list for PBXNativeTarget "commonProj" */ = {
			isa = XCConfigurationList;
			buildConfigurations = (
				A4AE6DFF1D655FDE0038E4A1 /* Debug */,
				A4AE6E001D655FDE0038E4A1 /* Release */,
			);
			defaultConfigurationIsVisible = 0;
			defaultConfigurationName = Release;
		};
		A4AE6E011D655FDE0038E4A1 /* Build configuration list for PBXNativeTarget "commonProjTests" */ = {
			isa = XCConfigurationList;
			buildConfigurations = (
				A4AE6E021D655FDE0038E4A1 /* Debug */,
				A4AE6E031D655FDE0038E4A1 /* Release */,
			);
			defaultConfigurationIsVisible = 0;
			defaultConfigurationName = Release;
		};
		A4AE6E041D655FDE0038E4A1 /* Build configuration list for PBXNativeTarget "commonProjUITests" */ = {
			isa = XCConfigurationList;
			buildConfigurations = (
				A4AE6E051D655FDE0038E4A1 /* Debug */,
				A4AE6E061D655FDE0038E4A1 /* Release */,
			);
			defaultConfigurationIsVisible = 0;
			defaultConfigurationName = Release;
		};
/* End XCConfigurationList section */
	};
	rootObject = A4AE6DC91D655FDD0038E4A1 /* Project object */;
}
