// !$*UTF8*$!
{
	archiveVersion = 1;
	classes = {
	};
	objectVersion = 46;
	objects = {

/* Begin PBXBuildFile section */
		A4AE6DD61D655FDD0038E4A1 /* main.m in Sources */ = {isa = PBXBuildFile; fileRef = A4AE6DD51D655FDD0038E4A1 /* main.m */; };
		A4AE6DD91D655FDD0038E4A1 /* AppDelegate.m in Sources */ = {isa = PBXBuildFile; fileRef = A4AE6DD81D655FDD0038E4A1 /* AppDelegate.m */; };
		A4AE6DDC1D655FDD0038E4A1 /* ViewController.m in Sources */ = {isa = PBXBuildFile; fileRef = A4AE6DDB1D655FDD0038E4A1 /* ViewController.m */; };
		A4AE6DDF1D655FDD0038E4A1 /* Main.storyboard in Resources */ = {isa = PBXBuildFile; fileRef = A4AE6DDD1D655FDD0038E4A1 /* Main.storyboard */; };
		A4AE6DE11D655FDD0038E4A1 /* Assets.xcassets in Resources */ = {isa = PBXBuildFile; fileRef = A4AE6DE01D655FDD0038E4A1 /* Assets.xcassets */; };
		A4AE6DE41D655FDD0038E4A1 /* LaunchScreen.storyboard in Resources */ = {isa = PBXBuildFile; fileRef = A4AE6DE21D655FDD0038E4A1 /* LaunchScreen.storyboard */; };
		A4AE6DEF1D655FDE0038E4A1 /* commonProjTests.m in Sources */ = {isa = PBXBuildFile; fileRef = A4AE6DEE1D655FDE0038E4A1 /* commonProjTests.m */; };
		A4AE6DFA1D655FDE0038E4A1 /* commonProjUITests.m in Sources */ = {isa = PBXBuildFile; fileRef = A4AE6DF91D655FDE0038E4A1 /* commonProjUITests.m */; };
/* End PBXBuildFile section */

/* Begin PBXContainerItemProxy section */
		A4AE6DEB1D655FDE0038E4A1 /* PBXContainerItemProxy */ = {
			isa = PBXContainerItemProxy;
			containerPortal = A4AE6DC91D655FDD0038E4A1 /* Project object */;
			proxyType = 1;
			remoteGlobalIDString = A4AE6DD01D655FDD0038E4A1;
			remoteInfo = commonProj;
		};
		A4AE6DF61D655FDE0038E4A1 /* PBXContainerItemProxy */ = {
			isa = PBXContainerItemProxy;
			containerPortal = A4AE6DC91D655FDD0038E4A1 /* Project object */;
			proxyType = 1;
			remoteGlobalIDString = A4AE6DD01D655FDD0038E4A1;
			remoteInfo = commonProj;
		};
/* End PBXContainerItemProxy section */

/* Begin PBXFileReference section */
		A4AE6DD11D655FDD0038E4A1 /* commonProj.app */ = {isa = PBXFileReference; explicitFileType = wrapper.application; includeInIndex = 0; path = commonProj.app; sourceTree = BUILT_PRODUCTS_DIR; };
		A4AE6DD51D655FDD0038E4A1 /* main.m */ = {isa = PBXFileReference; lastKnownFileType = sourcecode.c.objc; path = main.m; sourceTree = "<group>"; };
		A4AE6DD71D655FDD0038E4A1 /* AppDelegate.h */ = {isa = PBXFileReference; lastKnownFileType = sourcecode.c.h; path = AppDelegate.h; sourceTree = "<group>"; };
		A4AE6DD81D655FDD0038E4A1 /* AppDelegate.m */ = {isa = PBXFileReference; lastKnownFileType = sourcecode.c.objc; path = AppDelegate.m; sourceTree = "<group>"; };
		A4AE6DDA1D655FDD0038E4A1 /* ViewController.h */ = {isa = PBXFileReference; lastKnownFileType = sourcecode.c.h; path = ViewController.h; sourceTree = "<group>"; };
		A4AE6DDB1D655FDD0038E4A1 /* ViewController.m */ = {isa = PBXFileReference; lastKnownFileType = sourcecode.c.objc; path = ViewController.m; sourceTree = "<group>"; };
		A4AE6DDE1D655FDD0038E4A1 /* Base */ = {isa = PBXFileReference; lastKnownFileType = file.storyboard; name = Base; path = Base.lproj/Main.storyboard; sourceTree = "<group>"; };
		A4AE6DE01D655FDD0038E4A1 /* Assets.xcassets */ = {isa = PBXFileReference; lastKnownFileType = folder.assetcatalog; path = Assets.xcassets; sourceTree = "<group>"; };
		A4AE6DE31D655FDD0038E4A1 /* Base */ = {isa = PBXFileReference; lastKnownFileType = file.storyboard; name = Base; path = Base.lproj/LaunchScreen.storyboard; sourceTree = "<group>"; };
		A4AE6DE51D655FDD0038E4A1 /* Info.plist */ = {isa = PBXFileReference; lastKnownFileType = text.plist.xml; path = Info.plist; sourceTree = "<group>"; };
		A4AE6DEA1D655FDE0038E4A1 /* commonProjTests.xctest */ = {isa = PBXFileReference; explicitFileType = wrapper.cfbundle; includeInIndex = 0; path = commonProjTests.xctest; sourceTree = BUILT_PRODUCTS_DIR; };
		A4AE6DEE1D655FDE0038E4A1 /* commonProjTests.m */ = {isa = PBXFileReference; lastKnownFileType = sourcecode.c.objc; path = commonProjTests.m; sourceTree = "<group>"; };
		A4AE6DF01D655FDE0038E4A1 /* Info.plist */ = {isa = PBXFileReference; lastKnownFileType = text.plist.xml; path = Info.plist; sourceTree = "<group>"; };
		A4AE6DF51D655FDE0038E4A1 /* commonProjUITests.xctest */ = {isa = PBXFileReference; explicitFileType = wrapper.cfbundle; includeInIndex = 0; path = commonProjUITests.xctest; sourceTree = BUILT_PRODUCTS_DIR; };
		A4AE6DF91D655FDE0038E4A1 /* commonProjUITests.m */ = {isa = PBXFileReference; lastKnownFileType = sourcecode.c.objc; path = commonProjUITests.m; sourceTree = "<group>"; };
		A4AE6DFB1D655FDE0038E4A1 /* Info.plist */ = {isa = PBXFileReference; lastKnownFileType = text.plist.xml; path = Info.plist; sourceTree = "<group>"; };
/* End PBXFileReference section */

/* Begin PBXFrameworksBuildPhase section */
		A4AE6DCE1D655FDD0038E4A1 /* Frameworks */ = {
			isa = PBXFrameworksBuildPhase;
			buildActionMask = 2147483647;
			files = (
			);
			runOnlyForDeploymentPostprocessing = 0;
		};
		A4AE6DE71D655FDE0038E4A1 /* Frameworks */ = {
			isa = PBXFrameworksBuildPhase;
			buildActionMask = 2147483647;
			files = (
			);
			runOnlyForDeploymentPostprocessing = 0;
		};
		A4AE6DF21D655FDE0038E4A1 /* Frameworks */ = {
			isa = PBXFrameworksBuildPhase;
			buildActionMask = 2147483647;
			files = (
			);
			runOnlyForDeploymentPostprocessing = 0;
		};
/* End PBXFrameworksBuildPhase section */

/* Begin PBXGroup section */
		A4AE6DC81D655FDD0038E4A1 = {
			isa = PBXGroup;
			children = (
				A4AE6DD31D655FDD0038E4A1 /* commonProj */,
				A4AE6DED1D655FDE0038E4A1 /* commonProjTests */,
				A4AE6DF81D655FDE0038E4A1 /* commonProjUITests */,
				A4AE6DD21D655FDD0038E4A1 /* Products */,
			);
			sourceTree = "<group>";
		};
		A4AE6DD21D655FDD0038E4A1 /* Products */ = {
			isa = PBXGroup;
			children = (
				A4AE6DD11D655FDD0038E4A1 /* commonProj.app */,
				A4AE6DEA1D655FDE0038E4A1 /* commonProjTests.xctest */,
				A4AE6DF51D655FDE0038E4A1 /* commonProjUITests.xctest */,
			);
			name = Products;
			sourceTree = "<group>";
		};
		A4AE6DD31D655FDD0038E4A1 /* commonProj */ = {
			isa = PBXGroup;
			children = (
				A4AE6DD71D655FDD0038E4A1 /* AppDelegate.h */,
				A4AE6DD81D655FDD0038E4A1 /* AppDelegate.m */,
				A4AE6DDA1D655FDD0038E4A1 /* ViewController.h */,
				A4AE6DDB1D655FDD0038E4A1 /* ViewController.m */,
				A4AE6DDD1D655FDD0038E4A1 /* Main.storyboard */,
				A4AE6DE01D655FDD0038E4A1 /* Assets.xcassets */,
				A4AE6DE21D655FDD0038E4A1 /* LaunchScreen.storyboard */,
				A4AE6DE51D655FDD0038E4A1 /* Info.plist */,
				A4AE6DD41D655FDD0038E4A1 /* Supporting Files */,
			);
			path = commonProj;
			sourceTree = "<group>";
		};
		A4AE6DD41D655FDD0038E4A1 /* Supporting Files */ = {
			isa = PBXGroup;
			children = (
				A4AE6DD51D655FDD0038E4A1 /* main.m */,
			);
			name = "Supporting Files";
			sourceTree = "<group>";
		};
		A4AE6DED1D655FDE0038E4A1 /* commonProjTests */ = {
			isa = PBXGroup;
			children = (
				A4AE6DEE1D655FDE0038E4A1 /* commonProjTests.m */,
				A4AE6DF01D655FDE0038E4A1 /* Info.plist */,
			);
			path = commonProjTests;
			sourceTree = "<group>";
		};
		A4AE6DF81D655FDE0038E4A1 /* commonProjUITests */ = {
			isa = PBXGroup;
			children = (
				A4AE6DF91D655FDE0038E4A1 /* commonProjUITests.m */,
				A4AE6DFB1D655FDE0038E4A1 /* Info.plist */,
			);
			path = commonProjUITests;
			sourceTree = "<group>";
		};
/* End PBXGroup section */

/* Begin PBXNativeTarget section */
		A4AE6DD01D655FDD0038E4A1 /* commonProj */ = {
			isa = PBXNativeTarget;
			buildConfigurationList = A4AE6DFE1D655FDE0038E4A1 /* Build configuration list for PBXNativeTarget "commonProj" */;
			buildPhases = (
				A4AE6DCD1D655FDD0038E4A1 /* Sources */,
				A4AE6DCE1D655FDD0038E4A1 /* Frameworks */,
				A4AE6DCF1D655FDD0038E4A1 /* Resources */,
			);
			buildRules = (
			);
			dependencies = (
			);
			name = commonProj;
			productName = commonProj;
			productReference = A4AE6DD11D655FDD0038E4A1 /* commonProj.app */;
			productType = "com.apple.product-type.application";
		};
		A4AE6DE91D655FDE0038E4A1 /* commonProjTests */ = {
			isa = PBXNativeTarget;
			buildConfigurationList = A4AE6E011D655FDE0038E4A1 /* Build configuration list for PBXNativeTarget "commonProjTests" */;
			buildPhases = (
				A4AE6DE61D655FDE0038E4A1 /* Sources */,
				A4AE6DE71D655FDE0038E4A1 /* Frameworks */,
				A4AE6DE81D655FDE0038E4A1 /* Resources */,
			);
			buildRules = (
			);
			dependencies = (
				A4AE6DEC1D655FDE0038E4A1 /* PBXTargetDependency */,
			);
			name = commonProjTests;
			productName = commonProjTests;
			productReference = A4AE6DEA1D655FDE0038E4A1 /* commonProjTests.xctest */;
			productType = "com.apple.product-type.bundle.unit-test";
		};
		A4AE6DF41D655FDE0038E4A1 /* commonProjUITests */ = {
			isa = PBXNativeTarget;
			buildConfigurationList = A4AE6E041D655FDE0038E4A1 /* Build configuration list for PBXNativeTarget "commonProjUITests" */;
			buildPhases = (
				A4AE6DF11D655FDE0038E4A1 /* Sources */,
				A4AE6DF21D655FDE0038E4A1 /* Frameworks */,
				A4AE6DF31D655FDE0038E4A1 /* Resources */,
			);
			buildRules = (
			);
			dependencies = (
				A4AE6DF71D655FDE0038E4A1 /* PBXTargetDependency */,
			);
			name = commonProjUITests;
			productName = commonProjUITests;
			productReference = A4AE6DF51D655FDE0038E4A1 /* commonProjUITests.xctest */;
			productType = "com.apple.product-type.bundle.ui-testing";
		};
/* End PBXNativeTarget section */

/* Begin PBXProject section */
		A4AE6DC91D655FDD0038E4A1 /* Project object */ = {
			isa = PBXProject;
			attributes = {
				LastUpgradeCheck = 0730;
				ORGANIZATIONNAME = dongchx;
				TargetAttributes = {
					A4AE6DD01D655FDD0038E4A1 = {
						CreatedOnToolsVersion = 7.3.1;
					};
					A4AE6DE91D655FDE0038E4A1 = {
						CreatedOnToolsVersion = 7.3.1;
						TestTargetID = A4AE6DD01D655FDD0038E4A1;
					};
					A4AE6DF41D655FDE0038E4A1 = {
						CreatedOnToolsVersion = 7.3.1;
						TestTargetID = A4AE6DD01D655FDD0038E4A1;
					};
				};
			};
			buildConfigurationList = A4AE6DCC1D655FDD0038E4A1 /* Build configuration list for PBXProject "commonProj" */;
			compatibilityVersion = "Xcode 3.2";
			developmentRegion = English;
			hasScannedForEncodings = 0;
			knownRegions = (
				en,
				Base,
			);
			mainGroup = A4AE6DC81D655FDD0038E4A1;
			productRefGroup = A4AE6DD21D655FDD0038E4A1 /* Products */;
			projectDirPath = "";
			projectRoot = "";
			targets = (
				A4AE6DD01D655FDD0038E4A1 /* commonProj */,
				A4AE6DE91D655FDE0038E4A1 /* commonProjTests */,
				A4AE6DF41D655FDE0038E4A1 /* commonProjUITests */,
			);
		};
/* End PBXProject section */

/* Begin PBXResourcesBuildPhase section */
		A4AE6DCF1D655FDD0038E4A1 /* Resources */ = {
			isa = PBXResourcesBuildPhase;
			buildActionMask = 2147483647;
			files = (
				A4AE6DE41D655FDD0038E4A1 /* LaunchScreen.storyboard in Resources */,
				A4AE6DE11D655FDD0038E4A1 /* Assets.xcassets in Resources */,
				A4AE6DDF1D655FDD0038E4A1 /* Main.storyboard in Resources */,
			);
			runOnlyForDeploymentPostprocessing = 0;
		};
		A4AE6DE81D655FDE0038E4A1 /* Resources */ = {
			isa = PBXResourcesBuildPhase;
			buildActionMask = 2147483647;
			files = (
			);
			runOnlyForDeploymentPostprocessing = 0;
		};
		A4AE6DF31D655FDE0038E4A1 /* Resources */ = {
			isa = PBXResourcesBuildPhase;
			buildActionMask = 2147483647;
			files = (
			);
			runOnlyForDeploymentPostprocessing = 0;
		};
/* End PBXResourcesBuildPhase section */

/* Begin PBXSourcesBuildPhase section */
		A4AE6DCD1D655FDD0038E4A1 /* Sources */ = {
			isa = PBXSourcesBuildPhase;
			buildActionMask = 2147483647;
			files = (
				A4AE6DDC1D655FDD0038E4A1 /* ViewController.m in Sources */,
				A4AE6DD91D655FDD0038E4A1 /* AppDelegate.m in Sources */,
				A4AE6DD61D655FDD0038E4A1 /* main.m in Sources */,
			);
			runOnlyForDeploymentPostprocessing = 0;
		};
		A4AE6DE61D655FDE0038E4A1 /* Sources */ = {
			isa = PBXSourcesBuildPhase;
			buildActionMask = 2147483647;
			files = (
				A4AE6DEF1D655FDE0038E4A1 /* commonProjTests.m in Sources */,
			);
			runOnlyForDeploymentPostprocessing = 0;
		};
		A4AE6DF11D655FDE0038E4A1 /* Sources */ = {
			isa = PBXSourcesBuildPhase;
			buildActionMask = 2147483647;
			files = (
				A4AE6DFA1D655FDE0038E4A1 /* commonProjUITests.m in Sources */,
			);
			runOnlyForDeploymentPostprocessing = 0;
		};
/* End PBXSourcesBuildPhase section */

/* Begin PBXTargetDependency section */
		A4AE6DEC1D655FDE0038E4A1 /* PBXTargetDependency */ = {
			isa = PBXTargetDependency;
			target = A4AE6DD01D655FDD0038E4A1 /* commonProj */;
			targetProxy = A4AE6DEB1D655FDE0038E4A1 /* PBXContainerItemProxy */;
		};
		A4AE6DF71D655FDE0038E4A1 /* PBXTargetDependency */ = {
			isa = PBXTargetDependency;
			target = A4AE6DD01D655FDD0038E4A1 /* commonProj */;
			targetProxy = A4AE6DF61D655FDE0038E4A1 /* PBXContainerItemProxy */;
		};
/* End PBXTargetDependency section */

/* Begin PBXVariantGroup section */
		A4AE6DDD1D655FDD0038E4A1 /* Main.storyboard */ = {
			isa = PBXVariantGroup;
			children = (
				A4AE6DDE1D655FDD0038E4A1 /* Base */,
			);
			name = Main.storyboard;
			sourceTree = "<group>";
		};
		A4AE6DE21D655FDD0038E4A1 /* LaunchScreen.storyboard */ = {
			isa = PBXVariantGroup;
			children = (
				A4AE6DE31D655FDD0038E4A1 /* Base */,
			);
			name = LaunchScreen.storyboard;
			sourceTree = "<group>";
		};
/* End PBXVariantGroup section */

/* Begin XCBuildConfiguration section */
		A4AE6DFC1D655FDE0038E4A1 /* Debug */ = {
			isa = XCBuildConfiguration;
			buildSettings = {
				ALWAYS_SEARCH_USER_PATHS = NO;
				CLANG_ANALYZER_NONNULL = YES;
				CLANG_CXX_LANGUAGE_STANDARD = "gnu++0x";
				CLANG_CXX_LIBRARY = "libc++";
				CLANG_ENABLE_MODULES = YES;
				CLANG_ENABLE_OBJC_ARC = YES;
				CLANG_WARN_BOOL_CONVERSION = YES;
				CLANG_WARN_CONSTANT_CONVERSION = YES;
				CLANG_WARN_DIRECT_OBJC_ISA_USAGE = YES_ERROR;
				CLANG_WARN_EMPTY_BODY = YES;
				CLANG_WARN_ENUM_CONVERSION = YES;
				CLANG_WARN_INT_CONVERSION = YES;
				CLANG_WARN_OBJC_ROOT_CLASS = YES_ERROR;
				CLANG_WARN_UNREACHABLE_CODE = YES;
				CLANG_WARN__DUPLICATE_METHOD_MATCH = YES;
				"CODE_SIGN_IDENTITY[sdk=iphoneos*]" = "iPhone Developer";
				COPY_PHASE_STRIP = NO;
				DEBUG_INFORMATION_FORMAT = dwarf;
				ENABLE_STRICT_OBJC_MSGSEND = YES;
				ENABLE_TESTABILITY = YES;
				GCC_C_LANGUAGE_STANDARD = gnu99;
				GCC_DYNAMIC_NO_PIC = NO;
				GCC_NO_COMMON_BLOCKS = YES;
				GCC_OPTIMIZATION_LEVEL = 0;
				GCC_PREPROCESSOR_DEFINITIONS = (
					"DEBUG=1",
					"$(inherited)",
				);
				GCC_WARN_64_TO_32_BIT_CONVERSION = YES;
				GCC_WARN_ABOUT_RETURN_TYPE = YES_ERROR;
				GCC_WARN_UNDECLARED_SELECTOR = YES;
				GCC_WARN_UNINITIALIZED_AUTOS = YES_AGGRESSIVE;
				GCC_WARN_UNUSED_FUNCTION = YES;
				GCC_WARN_UNUSED_VARIABLE = YES;
				IPHONEOS_DEPLOYMENT_TARGET = 9.3;
				MTL_ENABLE_DEBUG_INFO = YES;
				ONLY_ACTIVE_ARCH = YES;
				SDKROOT = iphoneos;
				TARGETED_DEVICE_FAMILY = "1,2";
			};
			name = Debug;
		};
		A4AE6DFD1D655FDE0038E4A1 /* Release */ = {
			isa = XCBuildConfiguration;
			buildSettings = {
				ALWAYS_SEARCH_USER_PATHS = NO;
				CLANG_ANALYZER_NONNULL = YES;
				CLANG_CXX_LANGUAGE_STANDARD = "gnu++0x";
				CLANG_CXX_LIBRARY = "libc++";
				CLANG_ENABLE_MODULES = YES;
				CLANG_ENABLE_OBJC_ARC = YES;
				CLANG_WARN_BOOL_CONVERSION = YES;
				CLANG_WARN_CONSTANT_CONVERSION = YES;
				CLANG_WARN_DIRECT_OBJC_ISA_USAGE = YES_ERROR;
				CLANG_WARN_EMPTY_BODY = YES;
				CLANG_WARN_ENUM_CONVERSION = YES;
				CLANG_WARN_INT_CONVERSION = YES;
				CLANG_WARN_OBJC_ROOT_CLASS = YES_ERROR;
				CLANG_WARN_UNREACHABLE_CODE = YES;
				CLANG_WARN__DUPLICATE_METHOD_MATCH = YES;
				"CODE_SIGN_IDENTITY[sdk=iphoneos*]" = "iPhone Developer";
				COPY_PHASE_STRIP = NO;
				DEBUG_INFORMATION_FORMAT = "dwarf-with-dsym";
				ENABLE_NS_ASSERTIONS = NO;
				ENABLE_STRICT_OBJC_MSGSEND = YES;
				GCC_C_LANGUAGE_STANDARD = gnu99;
				GCC_NO_COMMON_BLOCKS = YES;
				GCC_WARN_64_TO_32_BIT_CONVERSION = YES;
				GCC_WARN_ABOUT_RETURN_TYPE = YES_ERROR;
				GCC_WARN_UNDECLARED_SELECTOR = YES;
				GCC_WARN_UNINITIALIZED_AUTOS = YES_AGGRESSIVE;
				GCC_WARN_UNUSED_FUNCTION = YES;
				GCC_WARN_UNUSED_VARIABLE = YES;
				IPHONEOS_DEPLOYMENT_TARGET = 9.3;
				MTL_ENABLE_DEBUG_INFO = NO;
				SDKROOT = iphoneos;
				TARGETED_DEVICE_FAMILY = "1,2";
				VALIDATE_PRODUCT = YES;
			};
			name = Release;
		};
		A4AE6DFF1D655FDE0038E4A1 /* Debug */ = {
			isa = XCBuildConfiguration;
			buildSettings = {
				ASSETCATALOG_COMPILER_APPICON_NAME = AppIcon;
				INFOPLIST_FILE = commonProj/Info.plist;
				LD_RUNPATH_SEARCH_PATHS = "$(inherited) @executable_path/Frameworks";
				PRODUCT_BUNDLE_IDENTIFIER = com.QQReader.dongchx.commonProj;
				PRODUCT_NAME = "$(TARGET_NAME)";
			};
			name = Debug;
		};
		A4AE6E001D655FDE0038E4A1 /* Release */ = {
			isa = XCBuildConfiguration;
			buildSettings = {
				ASSETCATALOG_COMPILER_APPICON_NAME = AppIcon;
				INFOPLIST_FILE = commonProj/Info.plist;
				LD_RUNPATH_SEARCH_PATHS = "$(inherited) @executable_path/Frameworks";
				PRODUCT_BUNDLE_IDENTIFIER = com.QQReader.dongchx.commonProj;
				PRODUCT_NAME = "$(TARGET_NAME)";
			};
			name = Release;
		};
		A4AE6E021D655FDE0038E4A1 /* Debug */ = {
			isa = XCBuildConfiguration;
			buildSettings = {
				BUNDLE_LOADER = "$(TEST_HOST)";
				INFOPLIST_FILE = commonProjTests/Info.plist;
				LD_RUNPATH_SEARCH_PATHS = "$(inherited) @executable_path/Frameworks @loader_path/Frameworks";
				PRODUCT_BUNDLE_IDENTIFIER = com.QQReader.dongchx.commonProjTests;
				PRODUCT_NAME = "$(TARGET_NAME)";
				TEST_HOST = "$(BUILT_PRODUCTS_DIR)/commonProj.app/commonProj";
			};
			name = Debug;
		};
		A4AE6E031D655FDE0038E4A1 /* Release */ = {
			isa = XCBuildConfiguration;
			buildSettings = {
				BUNDLE_LOADER = "$(TEST_HOST)";
				INFOPLIST_FILE = commonProjTests/Info.plist;
				LD_RUNPATH_SEARCH_PATHS = "$(inherited) @executable_path/Frameworks @loader_path/Frameworks";
				PRODUCT_BUNDLE_IDENTIFIER = com.QQReader.dongchx.commonProjTests;
				PRODUCT_NAME = "$(TARGET_NAME)";
				TEST_HOST = "$(BUILT_PRODUCTS_DIR)/commonProj.app/commonProj";
			};
			name = Release;
		};
		A4AE6E051D655FDE0038E4A1 /* Debug */ = {
			isa = XCBuildConfiguration;
			buildSettings = {
				INFOPLIST_FILE = commonProjUITests/Info.plist;
				LD_RUNPATH_SEARCH_PATHS = "$(inherited) @executable_path/Frameworks @loader_path/Frameworks";
				PRODUCT_BUNDLE_IDENTIFIER = com.QQReader.dongchx.commonProjUITests;
				PRODUCT_NAME = "$(TARGET_NAME)";
				TEST_TARGET_NAME = commonProj;
			};
			name = Debug;
		};
		A4AE6E061D655FDE0038E4A1 /* Release */ = {
			isa = XCBuildConfiguration;
			buildSettings = {
				INFOPLIST_FILE = commonProjUITests/Info.plist;
				LD_RUNPATH_SEARCH_PATHS = "$(inherited) @executable_path/Frameworks @loader_path/Frameworks";
				PRODUCT_BUNDLE_IDENTIFIER = com.QQReader.dongchx.commonProjUITests;
				PRODUCT_NAME = "$(TARGET_NAME)";
				TEST_TARGET_NAME = commonProj;
			};
			name = Release;
		};
/* End XCBuildConfiguration section */

/* Begin XCConfigurationList section */
		A4AE6DCC1D655FDD0038E4A1 /* Build configuration list for PBXProject "commonProj" */ = {
			isa = XCConfigurationList;
			buildConfigurations = (
				A4AE6DFC1D655FDE0038E4A1 /* Debug */,
				A4AE6DFD1D655FDE0038E4A1 /* Release */,
			);
			defaultConfigurationIsVisible = 0;
			defaultConfigurationName = Release;
		};
		A4AE6DFE1D655FDE0038E4A1 /* Build configuration list for PBXNativeTarget "commonProj" */ = {
			isa = XCConfigurationList;
			buildConfigurations = (
				A4AE6DFF1D655FDE0038E4A1 /* Debug */,
				A4AE6E001D655FDE0038E4A1 /* Release */,
			);
			defaultConfigurationIsVisible = 0;
		};
		A4AE6E011D655FDE0038E4A1 /* Build configuration list for PBXNativeTarget "commonProjTests" */ = {
			isa = XCConfigurationList;
			buildConfigurations = (
				A4AE6E021D655FDE0038E4A1 /* Debug */,
				A4AE6E031D655FDE0038E4A1 /* Release */,
			);
			defaultConfigurationIsVisible = 0;
		};
		A4AE6E041D655FDE0038E4A1 /* Build configuration list for PBXNativeTarget "commonProjUITests" */ = {
			isa = XCConfigurationList;
			buildConfigurations = (
				A4AE6E051D655FDE0038E4A1 /* Debug */,
				A4AE6E061D655FDE0038E4A1 /* Release */,
			);
			defaultConfigurationIsVisible = 0;
		};
/* End XCConfigurationList section */
	};
	rootObject = A4AE6DC91D655FDD0038E4A1 /* Project object */;
}
